{
  "version": 4,
  "terraform_version": "1.4.0",
  "serial": 29,
  "lineage": "a9b21247-871d-8985-b0cc-c6cec5db8d15",
  "outputs": {
    "db_subnet_group_id": {
      "value": "bijendra",
      "type": "string"
    },
    "db_url": {
      "value": "bijendra.cpqrk0kuf9qo.us-east-2.rds.amazonaws.com",
      "type": "string"
    },
    "secret_id": {
      "value": "arn:aws:secretsmanager:us-east-2:554660509057:secret:bijendra-yj2ZTD",
      "type": "string"
    },
    "subnet_ids": {
      "value": [
        "subnet-0667b707728dee814",
        "subnet-084a815ef77cd570f",
        "subnet-006c5885815113eaf"
      ],
      "type": [
        "list",
        "string"
      ]
    },
    "vpc_id": {
      "value": "vpc-07e3b3af9b264e7ad",
      "type": "string"
    }
  },
  "resources": [
    {
      "mode": "data",
      "type": "aws_security_group",
      "name": "security_group",
      "provider": "provider[\"registry.terraform.io/hashicorp/aws\"]",
      "instances": [
        {
          "schema_version": 0,
          "attributes": {
            "arn": "arn:aws:ec2:us-east-2:554660509057:security-group/sg-03ff0b9ef483e9aca",
            "description": "security group managed by Terraform for kul",
            "filter": [
              {
                "name": "tag:Name",
                "values": [
                  "kul"
                ]
              }
            ],
            "id": "sg-03ff0b9ef483e9aca",
            "name": "kul-rds",
            "tags": {
              "Name": "kul"
            },
            "timeouts": null,
            "vpc_id": "vpc-07e3b3af9b264e7ad"
          },
          "sensitive_attributes": []
        }
      ]
    },
    {
      "mode": "data",
      "type": "aws_subnets",
      "name": "default",
      "provider": "provider[\"registry.terraform.io/hashicorp/aws\"]",
      "instances": [
        {
          "schema_version": 0,
          "attributes": {
            "filter": [
              {
                "name": "vpc-id",
                "values": [
                  "vpc-07e3b3af9b264e7ad"
                ]
              }
            ],
            "id": "us-east-2",
            "ids": [
              "subnet-0667b707728dee814",
              "subnet-084a815ef77cd570f",
              "subnet-006c5885815113eaf"
            ],
            "tags": null,
            "timeouts": null
          },
          "sensitive_attributes": []
        }
      ]
    },
    {
      "mode": "data",
      "type": "aws_vpc",
      "name": "default",
      "provider": "provider[\"registry.terraform.io/hashicorp/aws\"]",
      "instances": [
        {
          "schema_version": 0,
          "attributes": {
            "arn": "arn:aws:ec2:us-east-2:554660509057:vpc/vpc-07e3b3af9b264e7ad",
            "cidr_block": "172.31.0.0/16",
            "cidr_block_associations": [
              {
                "association_id": "vpc-cidr-assoc-0f2466704f762452e",
                "cidr_block": "172.31.0.0/16",
                "state": "associated"
              },
              {
                "association_id": "vpc-cidr-assoc-055026cc24778909d",
                "cidr_block": "86.10.0.0/16",
                "state": "associated"
              }
            ],
            "default": true,
            "dhcp_options_id": "dopt-2f524347",
            "enable_dns_hostnames": true,
            "enable_dns_support": true,
            "enable_network_address_usage_metrics": false,
            "filter": null,
            "id": "vpc-07e3b3af9b264e7ad",
            "instance_tenancy": "default",
            "ipv6_association_id": "",
            "ipv6_cidr_block": "",
            "main_route_table_id": "rtb-0be6f9495df92d100",
            "owner_id": "554660509057",
            "state": null,
            "tags": {
              "Name": "Default"
            },
            "timeouts": null
          },
          "sensitive_attributes": []
        }
      ]
    },
    {
      "mode": "managed",
      "type": "aws_db_instance",
      "name": "postgres",
      "provider": "provider[\"registry.terraform.io/hashicorp/aws\"]",
      "instances": [
        {
          "schema_version": 1,
          "attributes": {
            "address": "bijendra.cpqrk0kuf9qo.us-east-2.rds.amazonaws.com",
            "allocated_storage": 5,
            "allow_major_version_upgrade": null,
            "apply_immediately": true,
            "arn": "arn:aws:rds:us-east-2:554660509057:db:bijendra",
            "auto_minor_version_upgrade": true,
            "availability_zone": "us-east-2c",
            "backup_retention_period": 0,
            "backup_window": "03:00-05:00",
            "blue_green_update": [],
            "ca_cert_identifier": "rds-ca-2019",
            "character_set_name": "",
            "copy_tags_to_snapshot": false,
            "custom_iam_instance_profile": "",
            "customer_owned_ip_enabled": false,
            "db_name": "bijendra",
            "db_subnet_group_name": "bijendra",
            "delete_automated_backups": true,
            "deletion_protection": false,
            "domain": "",
            "domain_iam_role_name": "",
            "enabled_cloudwatch_logs_exports": [],
            "endpoint": "bijendra.cpqrk0kuf9qo.us-east-2.rds.amazonaws.com:5432",
            "engine": "postgres",
            "engine_version": "14.6",
            "engine_version_actual": "14.6",
            "final_snapshot_identifier": null,
            "hosted_zone_id": "Z2XHWR1WZ565X2",
            "iam_database_authentication_enabled": false,
            "id": "bijendra",
            "identifier": "bijendra",
            "identifier_prefix": "",
            "instance_class": "db.t3.micro",
            "iops": 0,
            "kms_key_id": "",
            "latest_restorable_time": "",
            "license_model": "postgresql-license",
            "listener_endpoint": [],
            "maintenance_window": "sun:00:00-sun:03:00",
            "max_allocated_storage": 20,
            "monitoring_interval": 0,
            "monitoring_role_arn": "",
            "multi_az": false,
            "name": "bijendra",
            "nchar_character_set_name": "",
            "network_type": "IPV4",
            "option_group_name": "default:postgres-14",
            "parameter_group_name": "default.postgres14",
            "password": "kOVqDfVK4x",
            "performance_insights_enabled": false,
            "performance_insights_kms_key_id": "",
            "performance_insights_retention_period": 0,
            "port": 5432,
            "publicly_accessible": true,
            "replica_mode": "",
            "replicas": [],
            "replicate_source_db": "",
            "resource_id": "db-VDSFOXADRA6K3HNEOVKFS77MSE",
            "restore_to_point_in_time": [],
            "s3_import": [],
            "security_group_names": [],
            "skip_final_snapshot": true,
            "snapshot_identifier": null,
            "status": "available",
            "storage_encrypted": false,
            "storage_throughput": 0,
            "storage_type": "gp2",
            "tags": {},
            "tags_all": {},
            "timeouts": null,
            "timezone": "",
            "username": "postgres",
            "vpc_security_group_ids": [
              "sg-03ff0b9ef483e9aca"
            ]
          },
          "sensitive_attributes": [
            [
              {
                "type": "get_attr",
                "value": "password"
              }
            ]
          ],
          "private": "eyJlMmJmYjczMC1lY2FhLTExZTYtOGY4OC0zNDM2M2JjN2M0YzAiOnsiY3JlYXRlIjoyNDAwMDAwMDAwMDAwLCJkZWxldGUiOjM2MDAwMDAwMDAwMDAsInVwZGF0ZSI6NDgwMDAwMDAwMDAwMH0sInNjaGVtYV92ZXJzaW9uIjoiMSJ9",
          "dependencies": [
            "aws_db_subnet_group.subnetGroup",
            "data.aws_security_group.security_group",
            "random_password.dbPassword"
          ]
        }
      ]
    },
    {
      "mode": "managed",
      "type": "aws_db_subnet_group",
      "name": "subnetGroup",
      "provider": "provider[\"registry.terraform.io/hashicorp/aws\"]",
      "instances": [
        {
          "schema_version": 0,
          "attributes": {
            "arn": "arn:aws:rds:us-east-2:554660509057:subgrp:bijendra",
            "description": "subnet group managed by Terraform for bijendra",
            "id": "bijendra",
            "name": "bijendra",
            "name_prefix": "",
            "subnet_ids": [
              "subnet-006c5885815113eaf",
              "subnet-0667b707728dee814",
              "subnet-084a815ef77cd570f"
            ],
            "supported_network_types": [
              "IPV4"
            ],
            "tags": {
              "Name": "bijendra"
            },
            "tags_all": {
              "Name": "bijendra"
            }
          },
          "sensitive_attributes": [],
          "private": "bnVsbA==",
          "dependencies": [
            "data.aws_subnets.default",
            "data.aws_vpc.default"
          ]
        }
      ]
    },
    {
      "mode": "managed",
      "type": "aws_secretsmanager_secret",
      "name": "dbPassword",
      "provider": "provider[\"registry.terraform.io/hashicorp/aws\"]",
      "instances": [
        {
          "schema_version": 0,
          "attributes": {
            "arn": "arn:aws:secretsmanager:us-east-2:554660509057:secret:bijendra-yj2ZTD",
            "description": "RDS Database Secret Managed by Terraform for bijendra",
            "force_overwrite_replica_secret": false,
            "id": "arn:aws:secretsmanager:us-east-2:554660509057:secret:bijendra-yj2ZTD",
            "kms_key_id": "",
            "name": "bijendra",
            "name_prefix": "",
            "policy": "",
            "recovery_window_in_days": 0,
            "replica": [],
            "rotation_enabled": false,
            "rotation_lambda_arn": "",
            "rotation_rules": [],
            "tags": {},
            "tags_all": {}
          },
          "sensitive_attributes": [],
          "private": "bnVsbA=="
        }
      ]
    },
    {
      "mode": "managed",
      "type": "aws_secretsmanager_secret_version",
      "name": "dbPassword",
      "provider": "provider[\"registry.terraform.io/hashicorp/aws\"]",
      "instances": [
        {
          "schema_version": 0,
          "attributes": {
            "arn": "arn:aws:secretsmanager:us-east-2:554660509057:secret:bijendra-yj2ZTD",
            "id": "arn:aws:secretsmanager:us-east-2:554660509057:secret:bijendra-yj2ZTD|5A11C8D1-A716-425B-BCFF-A7640F413362",
            "secret_binary": "",
            "secret_id": "arn:aws:secretsmanager:us-east-2:554660509057:secret:bijendra-yj2ZTD",
            "secret_string": "kOVqDfVK4x",
            "version_id": "5A11C8D1-A716-425B-BCFF-A7640F413362",
            "version_stages": [
              "AWSCURRENT"
            ]
          },
          "sensitive_attributes": [
            [
              {
                "type": "get_attr",
                "value": "secret_string"
              }
            ]
          ],
          "private": "bnVsbA==",
          "dependencies": [
            "aws_secretsmanager_secret.dbPassword",
            "random_password.dbPassword"
          ]
        }
      ]
    },
    {
      "mode": "managed",
      "type": "postgresql_role",
      "name": "role",
      "provider": "provider[\"registry.terraform.io/cyrilgdn/postgresql\"]",
      "instances": [
        {
          "index_key": "dev",
          "schema_version": 0,
          "attributes": {
            "assume_role": "",
            "bypass_row_level_security": false,
            "connection_limit": -1,
            "create_database": false,
            "create_role": false,
            "encrypted": null,
            "encrypted_password": true,
            "id": "dev",
            "idle_in_transaction_session_timeout": 0,
            "inherit": true,
            "login": true,
            "name": "dev",
            "password": "]SF*j_4d",
            "replication": false,
            "roles": null,
            "search_path": null,
            "skip_drop_role": false,
            "skip_reassign_owned": false,
            "statement_timeout": 0,
            "superuser": false,
            "valid_until": "infinity"
          },
          "sensitive_attributes": [
            [
              {
                "type": "get_attr",
                "value": "password"
              }
            ]
          ],
          "private": "bnVsbA==",
          "dependencies": [
            "aws_db_instance.postgres",
            "aws_db_subnet_group.subnetGroup",
            "data.aws_security_group.security_group",
            "random_password.dbPassword",
            "random_password.role_password"
          ]
        },
        {
          "index_key": "prod",
          "schema_version": 0,
          "attributes": {
            "assume_role": "",
            "bypass_row_level_security": false,
            "connection_limit": -1,
            "create_database": false,
            "create_role": false,
            "encrypted": null,
            "encrypted_password": true,
            "id": "prod",
            "idle_in_transaction_session_timeout": 0,
            "inherit": true,
            "login": true,
            "name": "prod",
            "password": "hMtX?82:",
            "replication": false,
            "roles": null,
            "search_path": null,
            "skip_drop_role": false,
            "skip_reassign_owned": false,
            "statement_timeout": 0,
            "superuser": false,
            "valid_until": "infinity"
          },
          "sensitive_attributes": [
            [
              {
                "type": "get_attr",
                "value": "password"
              }
            ]
          ],
          "private": "bnVsbA==",
          "dependencies": [
            "aws_db_instance.postgres",
            "aws_db_subnet_group.subnetGroup",
            "data.aws_security_group.security_group",
            "random_password.dbPassword",
            "random_password.role_password"
          ]
        },
        {
          "index_key": "test",
          "schema_version": 0,
          "attributes": {
            "assume_role": "",
            "bypass_row_level_security": false,
            "connection_limit": -1,
            "create_database": false,
            "create_role": false,
            "encrypted": null,
            "encrypted_password": true,
            "id": "test",
            "idle_in_transaction_session_timeout": 0,
            "inherit": true,
            "login": true,
            "name": "test",
            "password": "Knf!_?zg",
            "replication": false,
            "roles": null,
            "search_path": null,
            "skip_drop_role": false,
            "skip_reassign_owned": false,
            "statement_timeout": 0,
            "superuser": false,
            "valid_until": "infinity"
          },
          "sensitive_attributes": [
            [
              {
                "type": "get_attr",
                "value": "password"
              }
            ]
          ],
          "private": "bnVsbA==",
          "dependencies": [
            "aws_db_instance.postgres",
            "aws_db_subnet_group.subnetGroup",
            "data.aws_security_group.security_group",
            "random_password.dbPassword",
            "random_password.role_password"
          ]
        }
      ]
    },
    {
      "mode": "managed",
      "type": "random_password",
      "name": "dbPassword",
      "provider": "provider[\"registry.terraform.io/hashicorp/random\"]",
      "instances": [
        {
          "schema_version": 3,
          "attributes": {
            "bcrypt_hash": "$2a$10$.m92LW4IcPM.gS6wf7R1/ext.AwriY2pL7S3RM/OkDshHQ2yYFXRG",
            "id": "none",
            "keepers": null,
            "length": 10,
            "lower": true,
            "min_lower": 0,
            "min_numeric": 0,
            "min_special": 0,
            "min_upper": 0,
            "number": true,
            "numeric": true,
            "override_special": "_*!",
            "result": "kOVqDfVK4x",
            "special": true,
            "upper": true
          },
          "sensitive_attributes": []
        }
      ]
    },
    {
      "mode": "managed",
      "type": "random_password",
      "name": "role_password",
      "provider": "provider[\"registry.terraform.io/hashicorp/random\"]",
      "instances": [
        {
          "index_key": "dev",
          "schema_version": 3,
          "attributes": {
            "bcrypt_hash": "$2a$10$TzvllYI0r1IhzF8vJRPoXuV8E2ndTpIOn3ZFh6ZElJE7aGP1hkUp6",
            "id": "none",
            "keepers": null,
            "length": 8,
            "lower": true,
            "min_lower": 0,
            "min_numeric": 0,
            "min_special": 0,
            "min_upper": 0,
            "number": true,
            "numeric": true,
            "override_special": null,
            "result": "]SF*j_4d",
            "special": true,
            "upper": true
          },
          "sensitive_attributes": []
        },
        {
          "index_key": "prod",
          "schema_version": 3,
          "attributes": {
            "bcrypt_hash": "$2a$10$oczHoK.FORYSoceGyt4.R.eoWbOl1l/eInpBepU3avIxbQyP9bHQ6",
            "id": "none",
            "keepers": null,
            "length": 8,
            "lower": true,
            "min_lower": 0,
            "min_numeric": 0,
            "min_special": 0,
            "min_upper": 0,
            "number": true,
            "numeric": true,
            "override_special": null,
            "result": "hMtX?82:",
            "special": true,
            "upper": true
          },
          "sensitive_attributes": []
        },
        {
          "index_key": "test",
          "schema_version": 3,
          "attributes": {
            "bcrypt_hash": "$2a$10$c3LWJS03gTLUvZ7mJGpOC.P6L9A7ACNwqBaD5GbC.SIACUGgVrQdW",
            "id": "none",
            "keepers": null,
            "length": 8,
            "lower": true,
            "min_lower": 0,
            "min_numeric": 0,
            "min_special": 0,
            "min_upper": 0,
            "number": true,
            "numeric": true,
            "override_special": null,
            "result": "Knf!_?zg",
            "special": true,
            "upper": true
          },
          "sensitive_attributes": []
        }
      ]
    }
  ],
  "check_results": null
}
