{
  "version": 4,
  "terraform_version": "1.4.0",
  "serial": 25,
  "lineage": "830ab106-d878-d04c-557b-d51a78de07e3",
  "outputs": {
    "namespaces": {
      "value": [
        "bijendra-ng1",
        "default",
        "kube-node-lease",
        "kube-public",
        "kube-system"
      ],
      "type": [
        "list",
        "string"
      ]
    }
  },
  "resources": [
    {
      "mode": "data",
      "type": "aws_eks_cluster_auth",
      "name": "cluster",
      "provider": "provider[\"registry.terraform.io/hashicorp/aws\"]",
      "instances": [
        {
          "schema_version": 0,
          "attributes": {
            "id": "bijendra",
            "name": "bijendra",
            "token": "k8s-aws-v1.aHR0cHM6Ly9zdHMuYW1hem9uYXdzLmNvbS8_QWN0aW9uPUdldENhbGxlcklkZW50aXR5JlZlcnNpb249MjAxMS0wNi0xNSZYLUFtei1BbGdvcml0aG09QVdTNC1ITUFDLVNIQTI1NiZYLUFtei1DcmVkZW50aWFsPUFLSUFZQ0pDWFdXQVlQRUtEWVhXJTJGMjAyMzAzMjMlMkZ1cy1lYXN0LTElMkZzdHMlMkZhd3M0X3JlcXVlc3QmWC1BbXotRGF0ZT0yMDIzMDMyM1QwNzM1MDlaJlgtQW16LUV4cGlyZXM9MCZYLUFtei1TaWduZWRIZWFkZXJzPWhvc3QlM0J4LWs4cy1hd3MtaWQmWC1BbXotU2lnbmF0dXJlPWU4NmZjYjQyZmQyZjBiYjIwODA0NGMwMGI3OWViYTA3NDJhNTgyOWU5N2YzMThmYWM3NTQyYTU0ZGRmYjRkMmI"
          },
          "sensitive_attributes": []
        }
      ]
    },
    {
      "mode": "data",
      "type": "aws_security_group",
      "name": "sg",
      "provider": "provider[\"registry.terraform.io/hashicorp/aws\"]",
      "instances": [
        {
          "schema_version": 0,
          "attributes": {
            "arn": "arn:aws:ec2:us-east-2:554660509057:security-group/sg-0a64e771313689772",
            "description": "default VPC security group",
            "filter": [
              {
                "name": "tag:Name",
                "values": [
                  "kul"
                ]
              }
            ],
            "id": "sg-0a64e771313689772",
            "name": "default",
            "tags": {
              "Name": "kul"
            },
            "timeouts": null,
            "vpc_id": "vpc-0ce7889ae8fafd3f6"
          },
          "sensitive_attributes": []
        }
      ]
    },
    {
      "mode": "data",
      "type": "kubernetes_all_namespaces",
      "name": "namespaces",
      "provider": "provider[\"registry.terraform.io/hashicorp/kubernetes\"]",
      "instances": [
        {
          "schema_version": 0,
          "attributes": {
            "id": "720b56dfc0c63e1c91cfdd221dc55d8065844ce9753fe262918ca59232b39e7d",
            "namespaces": [
              "bijendra-ng1",
              "default",
              "kube-node-lease",
              "kube-public",
              "kube-system"
            ]
          },
          "sensitive_attributes": []
        }
      ]
    },
    {
      "mode": "managed",
      "type": "aws_ec2_tag",
      "name": "tagSubnets",
      "provider": "provider[\"registry.terraform.io/hashicorp/aws\"]",
      "instances": [
        {
          "index_key": "subnet-012913117c2ccdcb6",
          "schema_version": 0,
          "attributes": {
            "id": "subnet-012913117c2ccdcb6,kubernetes.io/cluster/bijendra",
            "key": "kubernetes.io/cluster/bijendra",
            "resource_id": "subnet-012913117c2ccdcb6",
            "value": "shared"
          },
          "sensitive_attributes": [],
          "private": "bnVsbA==",
          "dependencies": [
            "aws_eks_cluster.cluster",
            "module.create_subnet.aws_subnet.aws_subnet",
            "module.create_subnet.data.aws_availability_zones.azs"
          ]
        },
        {
          "index_key": "subnet-0137d38cbc842dada",
          "schema_version": 0,
          "attributes": {
            "id": "subnet-0137d38cbc842dada,kubernetes.io/cluster/bijendra",
            "key": "kubernetes.io/cluster/bijendra",
            "resource_id": "subnet-0137d38cbc842dada",
            "value": "shared"
          },
          "sensitive_attributes": [],
          "private": "bnVsbA==",
          "dependencies": [
            "aws_eks_cluster.cluster",
            "module.create_subnet.aws_subnet.aws_subnet",
            "module.create_subnet.data.aws_availability_zones.azs"
          ]
        },
        {
          "index_key": "subnet-0e6ed05f06c58d155",
          "schema_version": 0,
          "attributes": {
            "id": "subnet-0e6ed05f06c58d155,kubernetes.io/cluster/bijendra",
            "key": "kubernetes.io/cluster/bijendra",
            "resource_id": "subnet-0e6ed05f06c58d155",
            "value": "shared"
          },
          "sensitive_attributes": [],
          "private": "bnVsbA==",
          "dependencies": [
            "aws_eks_cluster.cluster",
            "module.create_subnet.aws_subnet.aws_subnet",
            "module.create_subnet.data.aws_availability_zones.azs"
          ]
        }
      ]
    },
    {
      "mode": "managed",
      "type": "aws_eks_cluster",
      "name": "cluster",
      "provider": "provider[\"registry.terraform.io/hashicorp/aws\"]",
      "instances": [
        {
          "schema_version": 0,
          "attributes": {
            "arn": "arn:aws:eks:us-east-2:554660509057:cluster/bijendra",
            "certificate_authority": [
              {
                "data": "LS0tLS1CRUdJTiBDRVJUSUZJQ0FURS0tLS0tCk1JSUMvakNDQWVhZ0F3SUJBZ0lCQURBTkJna3Foa2lHOXcwQkFRc0ZBREFWTVJNd0VRWURWUVFERXdwcmRXSmwKY201bGRHVnpNQjRYRFRJek1ETXlNekExTURjMU0xb1hEVE16TURNeU1EQTFNRGMxTTFvd0ZURVRNQkVHQTFVRQpBeE1LYTNWaVpYSnVaWFJsY3pDQ0FTSXdEUVlKS29aSWh2Y05BUUVCQlFBRGdnRVBBRENDQVFvQ2dnRUJBTTZMCnlEdUc5cldWaVFCUkc3MmJWWG1kcXN0TWV5R1lBVzVDWmR0Q1RkY2VDTkx0YVhNTkFEVzhEWW5OaThtclplaWIKdGE3OTlEYU9XQi9FaHJpRDQxRlVlRG56UTkyZ2pTeCtBUUtGYkh4UGJHY3lhRjNza1dmYXN2dG1PaGhDM1kzYwpXVkluMWFjOGZkUnhEQ1d1cjV2cHhHZW94UU80VFdKT2RlVTEvc3RnSWN4bXoxRFdqaVRsMXE4VGNQNmFRVXMxCnFBTEJSV1lhUlpYSVN1WXRqcEE2bE9PdGFHSWZqaEJpK2gvS2h5UEo4MUl2VW5abWlPRmp1VlRoUUxWYnFtZkcKUWNDR2lTYWZTTS9QeHVVWjNlMkcwZjFNNjc2NWNGN29tMzFwTkU3WWZTWWd6RC8wK1BiSkdMTHYzOXNjUjgvVwowMXdkVmtzQm5hYkIwZ3NPdThrQ0F3RUFBYU5aTUZjd0RnWURWUjBQQVFIL0JBUURBZ0trTUE4R0ExVWRFd0VCCi93UUZNQU1CQWY4d0hRWURWUjBPQkJZRUZMTkFmR3ZaVHJvcTF2MSs5cWxCbVJnMUU2NDFNQlVHQTFVZEVRUU8KTUF5Q0NtdDFZbVZ5Ym1WMFpYTXdEUVlKS29aSWh2Y05BUUVMQlFBRGdnRUJBR1c0bTBBVTVlRzZMZTJwU0UwQwo3UkRHUlhyQ01rNzI0cVB4UHQ2dG8rWE1nY1YzWTkySGlPdkJQWU5CMGlPTW5OZVVaRFU3ektTTWRxTkZtM0IvCnk5Qzh1emRUalozcHIzS0xkNTMva2FiVUpjSjkyMVg1UXBET0xveG5ZZE84Y0VoTWlteGIzYVFETk95ZThGUU8KdGZOTlJvbkZtaDhpTkNWUTZmbytzM3N5WFBldSsyZjNiK1NNSHl0dktXY2FWNXNBVXRsb0VkOG9aQ3k1NGM4dQpsV2hQN29uYTAxaXdjVFhEQUFkeFNQSFlmRTVCdm5jSHJrR0ovVEpySmEvd3pGWk01dnZHamZCS0ViSm0zdjRFCndtZmIxZHdKOVhaSkc5K3RkaCtvY2hIaUpBMGVhV0Z3LzBiaGROdDNvbmVFY2ptc0IwVmpScGZVYWNmY0ZLZ0kKekZzPQotLS0tLUVORCBDRVJUSUZJQ0FURS0tLS0tCg=="
              }
            ],
            "cluster_id": null,
            "created_at": "2023-03-23 05:02:03.737 +0000 UTC",
            "enabled_cluster_log_types": [],
            "encryption_config": [],
            "endpoint": "https://4FDB038316B308A5A2EB3A01DE93B85F.gr7.us-east-2.eks.amazonaws.com",
            "id": "bijendra",
            "identity": [
              {
                "oidc": [
                  {
                    "issuer": "https://oidc.eks.us-east-2.amazonaws.com/id/4FDB038316B308A5A2EB3A01DE93B85F"
                  }
                ]
              }
            ],
            "kubernetes_network_config": [
              {
                "ip_family": "ipv4",
                "service_ipv4_cidr": "172.20.0.0/16",
                "service_ipv6_cidr": ""
              }
            ],
            "name": "bijendra",
            "outpost_config": [],
            "platform_version": "eks.1",
            "role_arn": "arn:aws:iam::554660509057:role/kul-eksClusterRole",
            "status": "ACTIVE",
            "tags": {
              "Name": "bijendra",
              "node_group_name": "bijendra-ng1"
            },
            "tags_all": {
              "Name": "bijendra",
              "node_group_name": "bijendra-ng1"
            },
            "timeouts": null,
            "version": "1.25",
            "vpc_config": [
              {
                "cluster_security_group_id": "sg-05567820cf87f9029",
                "endpoint_private_access": false,
                "endpoint_public_access": true,
                "public_access_cidrs": [
                  "0.0.0.0/0"
                ],
                "security_group_ids": [
                  "sg-0a64e771313689772"
                ],
                "subnet_ids": [
                  "subnet-012913117c2ccdcb6",
                  "subnet-0137d38cbc842dada",
                  "subnet-0e6ed05f06c58d155"
                ],
                "vpc_id": "vpc-0ce7889ae8fafd3f6"
              }
            ]
          },
          "sensitive_attributes": [],
          "private": "eyJlMmJmYjczMC1lY2FhLTExZTYtOGY4OC0zNDM2M2JjN2M0YzAiOnsiY3JlYXRlIjoxODAwMDAwMDAwMDAwLCJkZWxldGUiOjkwMDAwMDAwMDAwMCwidXBkYXRlIjozNjAwMDAwMDAwMDAwfX0=",
          "dependencies": [
            "data.aws_security_group.sg",
            "module.create_subnet.aws_subnet.aws_subnet",
            "module.create_subnet.data.aws_availability_zones.azs",
            "module.create_subnet.data.aws_vpc.aws_vpc"
          ]
        }
      ]
    },
    {
      "mode": "managed",
      "type": "aws_eks_node_group",
      "name": "linux",
      "provider": "provider[\"registry.terraform.io/hashicorp/aws\"]",
      "instances": [
        {
          "schema_version": 0,
          "attributes": {
            "ami_type": "AL2_x86_64",
            "arn": "arn:aws:eks:us-east-2:554660509057:nodegroup/bijendra/bijendra-ng1/2ac38684-879f-7831-1e71-46f7d1bb0822",
            "capacity_type": "ON_DEMAND",
            "cluster_name": "bijendra",
            "disk_size": 10,
            "force_update_version": null,
            "id": "bijendra:bijendra-ng1",
            "instance_types": [
              "t3.medium"
            ],
            "labels": {
              "nodeGroup": "bijendra-ng1"
            },
            "launch_template": [],
            "node_group_name": "bijendra-ng1",
            "node_group_name_prefix": "",
            "node_role_arn": "arn:aws:iam::554660509057:role/kul-eksNodeGroupRole",
            "release_version": "1.25.6-20230304",
            "remote_access": [],
            "resources": [
              {
                "autoscaling_groups": [
                  {
                    "name": "eks-bijendra-ng1-2ac38684-879f-7831-1e71-46f7d1bb0822"
                  }
                ],
                "remote_access_security_group_id": ""
              }
            ],
            "scaling_config": [
              {
                "desired_size": 2,
                "max_size": 3,
                "min_size": 2
              }
            ],
            "status": "ACTIVE",
            "subnet_ids": [
              "subnet-012913117c2ccdcb6",
              "subnet-0137d38cbc842dada",
              "subnet-0e6ed05f06c58d155"
            ],
            "tags": {
              "Name": "bijendra",
              "node_group_name": "bijendra-ng1"
            },
            "tags_all": {
              "Name": "bijendra",
              "node_group_name": "bijendra-ng1"
            },
            "taint": [],
            "timeouts": null,
            "update_config": [
              {
                "max_unavailable": 1,
                "max_unavailable_percentage": 0
              }
            ],
            "version": "1.25"
          },
          "sensitive_attributes": [],
          "private": "eyJlMmJmYjczMC1lY2FhLTExZTYtOGY4OC0zNDM2M2JjN2M0YzAiOnsiY3JlYXRlIjozNjAwMDAwMDAwMDAwLCJkZWxldGUiOjM2MDAwMDAwMDAwMDAsInVwZGF0ZSI6MzYwMDAwMDAwMDAwMH19",
          "dependencies": [
            "aws_eks_cluster.cluster",
            "data.aws_security_group.sg",
            "module.create_subnet.aws_subnet.aws_subnet",
            "module.create_subnet.data.aws_availability_zones.azs",
            "module.create_subnet.data.aws_vpc.aws_vpc"
          ]
        }
      ]
    },
    {
      "mode": "managed",
      "type": "kubernetes_namespace",
      "name": "kubernetes_namespace",
      "provider": "provider[\"registry.terraform.io/hashicorp/kubernetes\"]",
      "instances": [
        {
          "schema_version": 0,
          "attributes": {
            "id": "bijendra-ng1",
            "metadata": [
              {
                "annotations": {},
                "generate_name": "",
                "generation": 0,
                "labels": {},
                "name": "bijendra-ng1",
                "resource_version": "17417",
                "uid": "c11cb289-7fa6-4a48-8283-78fa92597f21"
              }
            ],
            "timeouts": null
          },
          "sensitive_attributes": [],
          "private": "eyJlMmJmYjczMC1lY2FhLTExZTYtOGY4OC0zNDM2M2JjN2M0YzAiOnsiZGVsZXRlIjozMDAwMDAwMDAwMDB9fQ==",
          "dependencies": [
            "aws_eks_cluster.cluster",
            "data.aws_eks_cluster_auth.cluster",
            "data.aws_security_group.sg",
            "module.create_subnet.aws_subnet.aws_subnet",
            "module.create_subnet.data.aws_availability_zones.azs",
            "module.create_subnet.data.aws_vpc.aws_vpc"
          ]
        }
      ]
    },
    {
      "module": "module.create_subnet",
      "mode": "data",
      "type": "aws_availability_zones",
      "name": "azs",
      "provider": "provider[\"registry.terraform.io/hashicorp/aws\"]",
      "instances": [
        {
          "schema_version": 0,
          "attributes": {
            "all_availability_zones": null,
            "exclude_names": null,
            "exclude_zone_ids": null,
            "filter": null,
            "group_names": [
              "us-east-2"
            ],
            "id": "us-east-2",
            "names": [
              "us-east-2a",
              "us-east-2b",
              "us-east-2c"
            ],
            "state": "available",
            "timeouts": null,
            "zone_ids": [
              "use2-az1",
              "use2-az2",
              "use2-az3"
            ]
          },
          "sensitive_attributes": []
        }
      ]
    },
    {
      "module": "module.create_subnet",
      "mode": "data",
      "type": "aws_vpc",
      "name": "aws_vpc",
      "provider": "provider[\"registry.terraform.io/hashicorp/aws\"]",
      "instances": [
        {
          "schema_version": 0,
          "attributes": {
            "arn": "arn:aws:ec2:us-east-2:554660509057:vpc/vpc-0ce7889ae8fafd3f6",
            "cidr_block": "10.10.0.0/16",
            "cidr_block_associations": [
              {
                "association_id": "vpc-cidr-assoc-074ea86b1bd8cd12e",
                "cidr_block": "10.10.0.0/16",
                "state": "associated"
              }
            ],
            "default": false,
            "dhcp_options_id": "dopt-2f524347",
            "enable_dns_hostnames": true,
            "enable_dns_support": true,
            "enable_network_address_usage_metrics": false,
            "filter": null,
            "id": "vpc-0ce7889ae8fafd3f6",
            "instance_tenancy": "default",
            "ipv6_association_id": "",
            "ipv6_cidr_block": "",
            "main_route_table_id": "rtb-0493d207a1f1069c1",
            "owner_id": "554660509057",
            "state": null,
            "tags": {
              "Name": "kul"
            },
            "timeouts": null
          },
          "sensitive_attributes": []
        }
      ]
    },
    {
      "module": "module.create_subnet",
      "mode": "managed",
      "type": "aws_subnet",
      "name": "aws_subnet",
      "provider": "provider[\"registry.terraform.io/hashicorp/aws\"]",
      "instances": [
        {
          "index_key": 0,
          "schema_version": 1,
          "attributes": {
            "arn": "arn:aws:ec2:us-east-2:554660509057:subnet/subnet-012913117c2ccdcb6",
            "assign_ipv6_address_on_creation": false,
            "availability_zone": "us-east-2a",
            "availability_zone_id": "use2-az1",
            "cidr_block": "10.10.10.0/24",
            "customer_owned_ipv4_pool": "",
            "enable_dns64": false,
            "enable_resource_name_dns_a_record_on_launch": false,
            "enable_resource_name_dns_aaaa_record_on_launch": false,
            "id": "subnet-012913117c2ccdcb6",
            "ipv6_cidr_block": "",
            "ipv6_cidr_block_association_id": "",
            "ipv6_native": false,
            "map_customer_owned_ip_on_launch": false,
            "map_public_ip_on_launch": true,
            "outpost_arn": "",
            "owner_id": "554660509057",
            "private_dns_hostname_type_on_launch": "ip-name",
            "tags": {
              "Name": "bijendra_public_10",
              "Type": "public"
            },
            "tags_all": {
              "Name": "bijendra_public_10",
              "Type": "public"
            },
            "timeouts": null,
            "vpc_id": "vpc-0ce7889ae8fafd3f6"
          },
          "sensitive_attributes": [],
          "private": "eyJlMmJmYjczMC1lY2FhLTExZTYtOGY4OC0zNDM2M2JjN2M0YzAiOnsiY3JlYXRlIjo2MDAwMDAwMDAwMDAsImRlbGV0ZSI6MTIwMDAwMDAwMDAwMH0sInNjaGVtYV92ZXJzaW9uIjoiMSJ9",
          "dependencies": [
            "module.create_subnet.data.aws_availability_zones.azs",
            "module.create_subnet.data.aws_vpc.aws_vpc"
          ]
        },
        {
          "index_key": 1,
          "schema_version": 1,
          "attributes": {
            "arn": "arn:aws:ec2:us-east-2:554660509057:subnet/subnet-0137d38cbc842dada",
            "assign_ipv6_address_on_creation": false,
            "availability_zone": "us-east-2b",
            "availability_zone_id": "use2-az2",
            "cidr_block": "10.10.11.0/24",
            "customer_owned_ipv4_pool": "",
            "enable_dns64": false,
            "enable_resource_name_dns_a_record_on_launch": false,
            "enable_resource_name_dns_aaaa_record_on_launch": false,
            "id": "subnet-0137d38cbc842dada",
            "ipv6_cidr_block": "",
            "ipv6_cidr_block_association_id": "",
            "ipv6_native": false,
            "map_customer_owned_ip_on_launch": false,
            "map_public_ip_on_launch": true,
            "outpost_arn": "",
            "owner_id": "554660509057",
            "private_dns_hostname_type_on_launch": "ip-name",
            "tags": {
              "Name": "bijendra_public_11",
              "Type": "public"
            },
            "tags_all": {
              "Name": "bijendra_public_11",
              "Type": "public"
            },
            "timeouts": null,
            "vpc_id": "vpc-0ce7889ae8fafd3f6"
          },
          "sensitive_attributes": [],
          "private": "eyJlMmJmYjczMC1lY2FhLTExZTYtOGY4OC0zNDM2M2JjN2M0YzAiOnsiY3JlYXRlIjo2MDAwMDAwMDAwMDAsImRlbGV0ZSI6MTIwMDAwMDAwMDAwMH0sInNjaGVtYV92ZXJzaW9uIjoiMSJ9",
          "dependencies": [
            "module.create_subnet.data.aws_availability_zones.azs",
            "module.create_subnet.data.aws_vpc.aws_vpc"
          ]
        },
        {
          "index_key": 2,
          "schema_version": 1,
          "attributes": {
            "arn": "arn:aws:ec2:us-east-2:554660509057:subnet/subnet-0e6ed05f06c58d155",
            "assign_ipv6_address_on_creation": false,
            "availability_zone": "us-east-2c",
            "availability_zone_id": "use2-az3",
            "cidr_block": "10.10.12.0/24",
            "customer_owned_ipv4_pool": "",
            "enable_dns64": false,
            "enable_resource_name_dns_a_record_on_launch": false,
            "enable_resource_name_dns_aaaa_record_on_launch": false,
            "id": "subnet-0e6ed05f06c58d155",
            "ipv6_cidr_block": "",
            "ipv6_cidr_block_association_id": "",
            "ipv6_native": false,
            "map_customer_owned_ip_on_launch": false,
            "map_public_ip_on_launch": true,
            "outpost_arn": "",
            "owner_id": "554660509057",
            "private_dns_hostname_type_on_launch": "ip-name",
            "tags": {
              "Name": "bijendra_public_12",
              "Type": "public"
            },
            "tags_all": {
              "Name": "bijendra_public_12",
              "Type": "public"
            },
            "timeouts": null,
            "vpc_id": "vpc-0ce7889ae8fafd3f6"
          },
          "sensitive_attributes": [],
          "private": "eyJlMmJmYjczMC1lY2FhLTExZTYtOGY4OC0zNDM2M2JjN2M0YzAiOnsiY3JlYXRlIjo2MDAwMDAwMDAwMDAsImRlbGV0ZSI6MTIwMDAwMDAwMDAwMH0sInNjaGVtYV92ZXJzaW9uIjoiMSJ9",
          "dependencies": [
            "module.create_subnet.data.aws_availability_zones.azs",
            "module.create_subnet.data.aws_vpc.aws_vpc"
          ]
        }
      ]
    }
  ],
  "check_results": null
}
