{
  "version": 4,
  "terraform_version": "1.4.0",
  "serial": 147,
  "lineage": "1edcce91-62b0-5f79-12a4-5dfb896f67f2",
  "outputs": {
    "ami_id": {
      "value": "ami-0435d5f3fb95cbf8d",
      "type": "string"
    },
    "httpd_status_code": {
      "value": "Status code for http://3.15.195.190:80: 200",
      "type": "string"
    },
    "public_ip": {
      "value": "3.15.195.190",
      "type": "string"
    },
    "security_group_id": {
      "value": "sg-0d8f52fac8a136775",
      "type": "string"
    },
    "vpc_id": {
      "value": "vpc-07e3b3af9b264e7ad",
      "type": "string"
    }
  },
  "resources": [
    {
      "mode": "data",
      "type": "aws_ami",
      "name": "ubuntu",
      "provider": "provider[\"registry.terraform.io/hashicorp/aws\"]",
      "instances": [
        {
          "schema_version": 0,
          "attributes": {
            "architecture": "x86_64",
            "arn": "arn:aws:ec2:us-east-2::image/ami-0435d5f3fb95cbf8d",
            "block_device_mappings": [
              {
                "device_name": "/dev/sda1",
                "ebs": {
                  "delete_on_termination": "true",
                  "encrypted": "false",
                  "iops": "0",
                  "snapshot_id": "snap-0ddfa17783d6c7217",
                  "throughput": "0",
                  "volume_size": "15",
                  "volume_type": "gp2"
                },
                "no_device": "",
                "virtual_name": ""
              },
              {
                "device_name": "/dev/sdb",
                "ebs": {},
                "no_device": "",
                "virtual_name": "ephemeral0"
              },
              {
                "device_name": "/dev/sdc",
                "ebs": {},
                "no_device": "",
                "virtual_name": "ephemeral1"
              }
            ],
            "boot_mode": "",
            "creation_date": "2022-12-11T15:24:42.000Z",
            "deprecation_time": "",
            "description": "ThinknyxUbuntu22x",
            "ena_support": true,
            "executable_users": null,
            "filter": [
              {
                "name": "tag:Name",
                "values": [
                  "ubuntu"
                ]
              }
            ],
            "hypervisor": "xen",
            "id": "ami-0435d5f3fb95cbf8d",
            "image_id": "ami-0435d5f3fb95cbf8d",
            "image_location": "554660509057/ThinknyxUbuntu22x",
            "image_owner_alias": "",
            "image_type": "machine",
            "imds_support": "",
            "include_deprecated": false,
            "kernel_id": "",
            "most_recent": true,
            "name": "ThinknyxUbuntu22x",
            "name_regex": null,
            "owner_id": "554660509057",
            "owners": [
              "554660509057"
            ],
            "platform": "",
            "platform_details": "Linux/UNIX",
            "product_codes": [],
            "public": false,
            "ramdisk_id": "",
            "root_device_name": "/dev/sda1",
            "root_device_type": "ebs",
            "root_snapshot_id": "snap-0ddfa17783d6c7217",
            "sriov_net_support": "simple",
            "state": "available",
            "state_reason": {
              "code": "UNSET",
              "message": "UNSET"
            },
            "tags": {
              "Name": "ubuntu",
              "Version": "22"
            },
            "timeouts": null,
            "tpm_support": "",
            "usage_operation": "RunInstances",
            "virtualization_type": "hvm"
          },
          "sensitive_attributes": []
        }
      ]
    },
    {
      "mode": "data",
      "type": "aws_vpc",
      "name": "default",
      "provider": "provider[\"registry.terraform.io/hashicorp/aws\"]",
      "instances": [
        {
          "schema_version": 0,
          "attributes": {
            "arn": "arn:aws:ec2:us-east-2:554660509057:vpc/vpc-07e3b3af9b264e7ad",
            "cidr_block": "172.31.0.0/16",
            "cidr_block_associations": [
              {
                "association_id": "vpc-cidr-assoc-0f2466704f762452e",
                "cidr_block": "172.31.0.0/16",
                "state": "associated"
              },
              {
                "association_id": "vpc-cidr-assoc-055026cc24778909d",
                "cidr_block": "86.10.0.0/16",
                "state": "associated"
              }
            ],
            "default": true,
            "dhcp_options_id": "dopt-2f524347",
            "enable_dns_hostnames": true,
            "enable_dns_support": true,
            "enable_network_address_usage_metrics": false,
            "filter": null,
            "id": "vpc-07e3b3af9b264e7ad",
            "instance_tenancy": "default",
            "ipv6_association_id": "",
            "ipv6_cidr_block": "",
            "main_route_table_id": "rtb-0be6f9495df92d100",
            "owner_id": "554660509057",
            "state": null,
            "tags": {
              "Name": "Default"
            },
            "timeouts": null
          },
          "sensitive_attributes": []
        }
      ]
    },
    {
      "mode": "data",
      "type": "http",
      "name": "httpd",
      "provider": "provider[\"registry.terraform.io/hashicorp/http\"]",
      "instances": [
        {
          "schema_version": 0,
          "attributes": {
            "body": "",
            "ca_cert_pem": null,
            "id": "http://3.15.195.190:80",
            "insecure": null,
            "method": "HEAD",
            "request_body": null,
            "request_headers": null,
            "response_body": "",
            "response_headers": {
              "Accept-Ranges": "bytes",
              "Content-Length": "10671",
              "Content-Type": "text/html",
              "Date": "Thu, 16 Mar 2023 05:30:13 GMT",
              "Etag": "\"29af-5f6fdc06b5564\"",
              "Last-Modified": "Thu, 16 Mar 2023 05:29:58 GMT",
              "Server": "Apache/2.4.52 (Ubuntu)",
              "Vary": "Accept-Encoding"
            },
            "status_code": 200,
            "url": "http://3.15.195.190:80"
          },
          "sensitive_attributes": []
        }
      ]
    },
    {
      "mode": "managed",
      "type": "aws_instance",
      "name": "ubuntuEC2",
      "provider": "provider[\"registry.terraform.io/hashicorp/aws\"]",
      "instances": [
        {
          "schema_version": 1,
          "attributes": {
            "ami": "ami-0435d5f3fb95cbf8d",
            "arn": "arn:aws:ec2:us-east-2:554660509057:instance/i-01bacec3a4669e5d1",
            "associate_public_ip_address": true,
            "availability_zone": "us-east-2a",
            "capacity_reservation_specification": [
              {
                "capacity_reservation_preference": "open",
                "capacity_reservation_target": []
              }
            ],
            "cpu_core_count": 1,
            "cpu_threads_per_core": 1,
            "credit_specification": [
              {
                "cpu_credits": "standard"
              }
            ],
            "disable_api_stop": false,
            "disable_api_termination": false,
            "ebs_block_device": [
              {
                "delete_on_termination": true,
                "device_name": "/dev/sdf",
                "encrypted": false,
                "iops": 100,
                "kms_key_id": "",
                "snapshot_id": "",
                "tags": {
                  "Name": "kul"
                },
                "throughput": 0,
                "volume_id": "vol-03f7776141cff7871",
                "volume_size": 1,
                "volume_type": "gp2"
              }
            ],
            "ebs_optimized": false,
            "enclave_options": [
              {
                "enabled": false
              }
            ],
            "ephemeral_block_device": [],
            "get_password_data": false,
            "hibernation": false,
            "host_id": "",
            "host_resource_group_arn": null,
            "iam_instance_profile": "",
            "id": "i-01bacec3a4669e5d1",
            "instance_initiated_shutdown_behavior": "stop",
            "instance_state": "running",
            "instance_type": "t2.micro",
            "ipv6_address_count": 0,
            "ipv6_addresses": [],
            "key_name": "Bijendra-keypair",
            "launch_template": [],
            "maintenance_options": [
              {
                "auto_recovery": "default"
              }
            ],
            "metadata_options": [
              {
                "http_endpoint": "enabled",
                "http_put_response_hop_limit": 1,
                "http_tokens": "optional",
                "instance_metadata_tags": "disabled"
              }
            ],
            "monitoring": false,
            "network_interface": [],
            "outpost_arn": "",
            "password_data": "",
            "placement_group": "",
            "placement_partition_number": 0,
            "primary_network_interface_id": "eni-07e1a46d1ccdd2e19",
            "private_dns": "ip-172-31-13-108.us-east-2.compute.internal",
            "private_dns_name_options": [
              {
                "enable_resource_name_dns_a_record": false,
                "enable_resource_name_dns_aaaa_record": false,
                "hostname_type": "ip-name"
              }
            ],
            "private_ip": "172.31.13.108",
            "public_dns": "ec2-3-15-195-190.us-east-2.compute.amazonaws.com",
            "public_ip": "3.15.195.190",
            "root_block_device": [
              {
                "delete_on_termination": true,
                "device_name": "/dev/sda1",
                "encrypted": false,
                "iops": 100,
                "kms_key_id": "",
                "tags": {
                  "Name": "Bijendra"
                },
                "throughput": 0,
                "volume_id": "vol-0f505261311f80144",
                "volume_size": 16,
                "volume_type": "gp2"
              }
            ],
            "secondary_private_ips": [],
            "security_groups": [
              "Bijendra"
            ],
            "source_dest_check": true,
            "subnet_id": "subnet-084a815ef77cd570f",
            "tags": {
              "Name": "Bijendra"
            },
            "tags_all": {
              "Name": "Bijendra"
            },
            "tenancy": "default",
            "timeouts": null,
            "user_data": null,
            "user_data_base64": null,
            "user_data_replace_on_change": false,
            "volume_tags": null,
            "vpc_security_group_ids": [
              "sg-0d8f52fac8a136775"
            ]
          },
          "sensitive_attributes": [],
          "private": "eyJlMmJmYjczMC1lY2FhLTExZTYtOGY4OC0zNDM2M2JjN2M0YzAiOnsiY3JlYXRlIjo2MDAwMDAwMDAwMDAsImRlbGV0ZSI6MTIwMDAwMDAwMDAwMCwidXBkYXRlIjo2MDAwMDAwMDAwMDB9LCJzY2hlbWFfdmVyc2lvbiI6IjEifQ==",
          "dependencies": [
            "aws_key_pair.ubuntuEC2",
            "aws_security_group.ubuntuEC2",
            "data.aws_ami.ubuntu",
            "tls_private_key.ubuntuEC2"
          ]
        }
      ]
    },
    {
      "mode": "managed",
      "type": "aws_key_pair",
      "name": "ubuntuEC2",
      "provider": "provider[\"registry.terraform.io/hashicorp/aws\"]",
      "instances": [
        {
          "schema_version": 1,
          "attributes": {
            "arn": "arn:aws:ec2:us-east-2:554660509057:key-pair/Bijendra-keypair",
            "fingerprint": "de:d8:0f:ce:a5:da:14:98:b8:f1:67:1e:c5:5d:53:16",
            "id": "Bijendra-keypair",
            "key_name": "Bijendra-keypair",
            "key_name_prefix": "",
            "key_pair_id": "key-00389e62731139bd6",
            "key_type": "rsa",
            "public_key": "ssh-rsa AAAAB3NzaC1yc2EAAAADAQABAAABAQCryqSsb5VU07nFNuJUrMLE7akou4n+f6+IbKmKjwd8pt0bw6CoprYMuL6tSy/Vrj9vWj5L3dvt94ES6UraFMUTFjJMyXI610v/W9kGFqJ0NS0x4UERlVOLb2RT5DMkfbliINlwlvv2ltTCSvUbHjsNtUEbDTmbCj/IkIIpilISGejv8y/jKnvwD62AR2E82zcySXYt+tb9H/u1BDaJuOpGOPODZHzz3bOXRjZXfCeBkwGixkAmRFL6fdzmk/8U2YSGqs5ckRkSWgwYiiGYUmn+9DyxCdkqinmKGUvgaFDEp+EO8P2sJNYgnyFXz2SIuFHGX2ft5tG+p8dVTFscuHHr",
            "tags": {},
            "tags_all": {}
          },
          "sensitive_attributes": [],
          "private": "eyJzY2hlbWFfdmVyc2lvbiI6IjEifQ==",
          "dependencies": [
            "tls_private_key.ubuntuEC2"
          ]
        }
      ]
    },
    {
      "mode": "managed",
      "type": "aws_security_group",
      "name": "ubuntuEC2",
      "provider": "provider[\"registry.terraform.io/hashicorp/aws\"]",
      "instances": [
        {
          "schema_version": 1,
          "attributes": {
            "arn": "arn:aws:ec2:us-east-2:554660509057:security-group/sg-0d8f52fac8a136775",
            "description": "security group managed by Terraform for Kul",
            "egress": [
              {
                "cidr_blocks": [
                  "0.0.0.0/0"
                ],
                "description": "",
                "from_port": 0,
                "ipv6_cidr_blocks": [
                  "::/0"
                ],
                "prefix_list_ids": [],
                "protocol": "-1",
                "security_groups": [],
                "self": false,
                "to_port": 0
              }
            ],
            "id": "sg-0d8f52fac8a136775",
            "ingress": [
              {
                "cidr_blocks": [
                  "0.0.0.0/0"
                ],
                "description": "HTTP",
                "from_port": 80,
                "ipv6_cidr_blocks": [
                  "::/0"
                ],
                "prefix_list_ids": [],
                "protocol": "tcp",
                "security_groups": [],
                "self": false,
                "to_port": 80
              },
              {
                "cidr_blocks": [
                  "0.0.0.0/0"
                ],
                "description": "SSH",
                "from_port": 22,
                "ipv6_cidr_blocks": [
                  "::/0"
                ],
                "prefix_list_ids": [],
                "protocol": "tcp",
                "security_groups": [],
                "self": false,
                "to_port": 22
              }
            ],
            "name": "Bijendra",
            "name_prefix": "",
            "owner_id": "554660509057",
            "revoke_rules_on_delete": false,
            "tags": {
              "Name": "Bijendra"
            },
            "tags_all": {
              "Name": "Bijendra"
            },
            "timeouts": null,
            "vpc_id": "vpc-07e3b3af9b264e7ad"
          },
          "sensitive_attributes": [],
          "private": "eyJlMmJmYjczMC1lY2FhLTExZTYtOGY4OC0zNDM2M2JjN2M0YzAiOnsiY3JlYXRlIjo2MDAwMDAwMDAwMDAsImRlbGV0ZSI6OTAwMDAwMDAwMDAwfSwic2NoZW1hX3ZlcnNpb24iOiIxIn0=",
          "dependencies": [
            "data.aws_vpc.default"
          ]
        }
      ]
    },
    {
      "mode": "managed",
      "type": "local_file",
      "name": "pem_file",
      "provider": "provider[\"registry.terraform.io/hashicorp/local\"]",
      "instances": [
        {
          "schema_version": 0,
          "attributes": {
            "content": "-----BEGIN RSA PRIVATE KEY-----\nMIIEpgIBAAKCAQEAq8qkrG+VVNO5xTbiVKzCxO2pKLuJ/n+viGypio8HfKbdG8Og\nqKa2DLi+rUsv1a4/b1o+S93b7feBEulK2hTFExYyTMlyOtdL/1vZBhaidDUtMeFB\nEZVTi29kU+QzJH25YiDZcJb79pbUwkr1Gx47DbVBGw05mwo/yJCCKYpSEhno7/Mv\n4yp78A+tgEdhPNs3Mkl2LfrW/R/7tQQ2ibjqRjjzg2R8892zl0Y2V3wngZMBosZA\nJkRS+n3c5pP/FNmEhqrOXJEZEloMGIohmFJp/vQ8sQnZKop5ihlL4GhQxKfhDvD9\nrCTWIJ8hV89kiLhRxl9n7ebRvqfHVUxbHLhx6wIDAQABAoIBAQCUuhGq/8eG8u5n\n4MY9jHvqxd6nVwV3AdBUCc8WGBHhRw0x1kGnAP2nMeJSYT9+fSaKHtTEFcUr1hU2\n7CZTe5vKlHLjq5trea1f3IKdFMd8V/VSs7MDqAX2N2/ieTQVqYrve4UERpLIv3he\n5UoiOh/iFEPTSbXPliX2W7V0hT3cUIo639Thxfl0qQOfk6sUNJ532Sci2oJpxM8G\nY4GPwjZIg5spBOVHB9rrDxUb72PBHRxIT+Tuxc9SCZbu6w8Izgw6ICJ8Eb5r3DjH\n3Tq1fFjrsdSkEWsGSZDnkKkgRgLvGeUPS/iKc+Oa5B+EyJZIJnQSWcimFzRvQM7C\nV8OesM1BAoGBAMQIZHhioLN3mNpVUAKV+mX51d/XXsnWV7mzE3yaBdld+kt/oj2Y\ndKHHVE4Ko3rwQ7JNbdRTXz/8XOMLAzdxgx9znUhc2PyWnBHPUcLpI30DE9h24ajA\nd6kr9ZaPWXxXQLwSrz5JWjM/mHiHbGPxnEZ1I4d9Btzpf0bwHMJGI2a7AoGBAOBX\n4xwX+6jbWvd6PFiB08ieXErDSVLAeO8SfOLj5/3BUOUodXhzq7GKc53gDTQtUhnc\nMsI5l8ZVxjDbNGJMxBgZd5sma/uu4wk9AHIp7A54tdL4J9mteHjidZs7thCe+ga9\npOTxDUu46nUxaV5PPVduOnuG3efTvGBvskp0SqaRAoGBAK4DASR38Ey+6jlNJ6PT\n/B0PhBGZ/XNPSDn4Q2EE3BJSwL7KAnuI3GdLKIPKH8oegwlAgDDM/S0wWEfWW7mY\nkpuVplU4zgiRrOKGVP6eszjiRXiONsv0ZYQPGIbYosekMDuCnnq85Eu/tRmwpL+n\nFmDY1HwNuMzanHec5vpxBjXHAoGBAKDNfiVB74meCTr/68dI74OKNv8DsUfWXBiI\nuOlskHnrmc9Xy7OVvYhZg/uyf+RZY9LTabKb03U/P/r+9DJNcfUQNBIKXTYeqe+S\nQQKTl/bbgQCCDRZS59pGACRPjXWmbfJs9od/XJddKPjtfOgzhfVoNhUam24y74B0\nL2h8qJFxAoGBALDtCGO5vrt/t+GDUI3xgO+KsdvhOSwAziYeEyJiaBXk7lbvKqtW\nhkdwmapu+sEhannpNSmXbRkag1O/ilkdB4yDzY8LX7Bbvgyza0sPVfq5ZugQ2meg\n40hplSBGaCKHvvGZqldz7cz4FbQhA/S/GyCLAyB0DIZHIGWPlRObbgKN\n-----END RSA PRIVATE KEY-----\n",
            "content_base64": null,
            "content_base64sha256": "6L0LLO0y9tgxPB6LA5xPFRYxGQ28i8Yb5vkCNq+wEIk=",
            "content_base64sha512": "hR089atWfMTQLWSnd8gn24T3kxDMRhkt+fcQLvceJj4DkTxy8geBIHUryNA1FhFqShYjZoJds7Nw4QKSNUC8Xg==",
            "content_md5": "89477b5d412bd8d694f7800a932e90e8",
            "content_sha1": "a96c81533d1ca356e85331982ed81544b0436632",
            "content_sha256": "e8bd0b2ced32f6d8313c1e8b039c4f151631190dbc8bc61be6f90236afb01089",
            "content_sha512": "851d3cf5ab567cc4d02d64a777c827db84f79310cc46192df9f7102ef71e263e03913c72f2078120752bc8d03516116a4a162366825db3b370e102923540bc5e",
            "directory_permission": "0777",
            "file_permission": "0777",
            "filename": "c:/users/003LDB744/.ssh/Bijendra-keypair.pem",
            "id": "a96c81533d1ca356e85331982ed81544b0436632",
            "sensitive_content": null,
            "source": null
          },
          "sensitive_attributes": [
            [
              {
                "type": "get_attr",
                "value": "content"
              }
            ]
          ],
          "dependencies": [
            "aws_key_pair.ubuntuEC2",
            "tls_private_key.ubuntuEC2"
          ]
        }
      ]
    },
    {
      "mode": "managed",
      "type": "null_resource",
      "name": "copy_ansible_cfg",
      "provider": "provider[\"registry.terraform.io/hashicorp/null\"]",
      "instances": [
        {
          "schema_version": 0,
          "attributes": {
            "id": "2254702403780296061",
            "triggers": {
              "run_always": "2023-03-16T05:28:00Z"
            }
          },
          "sensitive_attributes": [],
          "dependencies": [
            "aws_instance.ubuntuEC2",
            "aws_key_pair.ubuntuEC2",
            "aws_security_group.ubuntuEC2",
            "data.aws_ami.ubuntu",
            "tls_private_key.ubuntuEC2"
          ]
        }
      ]
    },
    {
      "mode": "managed",
      "type": "null_resource",
      "name": "copy_inventory",
      "provider": "provider[\"registry.terraform.io/hashicorp/null\"]",
      "instances": [
        {
          "schema_version": 0,
          "attributes": {
            "id": "5366319140096256903",
            "triggers": null
          },
          "sensitive_attributes": [],
          "dependencies": [
            "aws_instance.ubuntuEC2",
            "aws_key_pair.ubuntuEC2",
            "aws_security_group.ubuntuEC2",
            "data.aws_ami.ubuntu",
            "data.aws_vpc.default",
            "null_resource.create_ansible_inventory",
            "tls_private_key.ubuntuEC2"
          ]
        }
      ]
    },
    {
      "mode": "managed",
      "type": "null_resource",
      "name": "copy_playbook",
      "provider": "provider[\"registry.terraform.io/hashicorp/null\"]",
      "instances": [
        {
          "schema_version": 0,
          "attributes": {
            "id": "209009600629751994",
            "triggers": {
              "run_always": "2023-03-16T05:28:00Z"
            }
          },
          "sensitive_attributes": [],
          "dependencies": [
            "aws_instance.ubuntuEC2",
            "aws_key_pair.ubuntuEC2",
            "aws_security_group.ubuntuEC2",
            "data.aws_ami.ubuntu",
            "tls_private_key.ubuntuEC2"
          ]
        }
      ]
    },
    {
      "mode": "managed",
      "type": "null_resource",
      "name": "create_ansible_inventory",
      "provider": "provider[\"registry.terraform.io/hashicorp/null\"]",
      "instances": [
        {
          "schema_version": 0,
          "attributes": {
            "id": "5630263153953550389",
            "triggers": null
          },
          "sensitive_attributes": [],
          "dependencies": [
            "aws_instance.ubuntuEC2",
            "aws_key_pair.ubuntuEC2",
            "aws_security_group.ubuntuEC2",
            "data.aws_ami.ubuntu",
            "data.aws_vpc.default",
            "tls_private_key.ubuntuEC2"
          ]
        }
      ]
    },
    {
      "mode": "managed",
      "type": "null_resource",
      "name": "run_playbook",
      "provider": "provider[\"registry.terraform.io/hashicorp/null\"]",
      "instances": [
        {
          "schema_version": 0,
          "attributes": {
            "id": "941776336927421862",
            "triggers": {
              "run_always": "2023-03-16T05:28:05Z"
            }
          },
          "sensitive_attributes": [],
          "dependencies": [
            "aws_instance.ubuntuEC2",
            "aws_key_pair.ubuntuEC2",
            "aws_security_group.ubuntuEC2",
            "data.aws_ami.ubuntu",
            "null_resource.copy_playbook",
            "tls_private_key.ubuntuEC2"
          ]
        }
      ]
    },
    {
      "mode": "managed",
      "type": "tls_private_key",
      "name": "ubuntuEC2",
      "provider": "provider[\"registry.terraform.io/hashicorp/tls\"]",
      "instances": [
        {
          "schema_version": 1,
          "attributes": {
            "algorithm": "RSA",
            "ecdsa_curve": "P224",
            "id": "748e398ad43f2e971b7d7e8f42f76876183e2c8e",
            "private_key_openssh": "-----BEGIN OPENSSH PRIVATE KEY-----\nb3BlbnNzaC1rZXktdjEAAAAABG5vbmUAAAAEbm9uZQAAAAAAAAABAAABFwAAAAdz\nc2gtcnNhAAAAAwEAAQAAAQEAq8qkrG+VVNO5xTbiVKzCxO2pKLuJ/n+viGypio8H\nfKbdG8OgqKa2DLi+rUsv1a4/b1o+S93b7feBEulK2hTFExYyTMlyOtdL/1vZBhai\ndDUtMeFBEZVTi29kU+QzJH25YiDZcJb79pbUwkr1Gx47DbVBGw05mwo/yJCCKYpS\nEhno7/Mv4yp78A+tgEdhPNs3Mkl2LfrW/R/7tQQ2ibjqRjjzg2R8892zl0Y2V3wn\ngZMBosZAJkRS+n3c5pP/FNmEhqrOXJEZEloMGIohmFJp/vQ8sQnZKop5ihlL4GhQ\nxKfhDvD9rCTWIJ8hV89kiLhRxl9n7ebRvqfHVUxbHLhx6wAAA7i7s7Kvu7OyrwAA\nAAdzc2gtcnNhAAABAQCryqSsb5VU07nFNuJUrMLE7akou4n+f6+IbKmKjwd8pt0b\nw6CoprYMuL6tSy/Vrj9vWj5L3dvt94ES6UraFMUTFjJMyXI610v/W9kGFqJ0NS0x\n4UERlVOLb2RT5DMkfbliINlwlvv2ltTCSvUbHjsNtUEbDTmbCj/IkIIpilISGejv\n8y/jKnvwD62AR2E82zcySXYt+tb9H/u1BDaJuOpGOPODZHzz3bOXRjZXfCeBkwGi\nxkAmRFL6fdzmk/8U2YSGqs5ckRkSWgwYiiGYUmn+9DyxCdkqinmKGUvgaFDEp+EO\n8P2sJNYgnyFXz2SIuFHGX2ft5tG+p8dVTFscuHHrAAAAAwEAAQAAAQEAlLoRqv/H\nhvLuZ+DGPYx76sXep1cFdwHQVAnPFhgR4UcNMdZBpwD9pzHiUmE/fn0mih7UxBXF\nK9YVNuwmU3ubypRy46uba3mtX9yCnRTHfFf1UrOzA6gF9jdv4nk0FamK73uFBEaS\nyL94XuVKIjof4hRD00m1z5Yl9lu1dIU93FCKOt/U4cX5dKkDn5OrFDSed9knItqC\nacTPBmOBj8I2SIObKQTlRwfa6w8VG+9jwR0cSE/k7sXPUgmW7usPCM4MOiAifBG+\na9w4x906tXxY67HUpBFrBkmQ55CpIEYC7xnlD0v4inPjmuQfhMiWSCZ0ElnIphc0\nb0DOwlfDnrDNQQAAAIEAsO0IY7m+u3+34YNQjfGA74qx2+E5LADOJh4TImJoFeTu\nVu8qq1aGR3CZqm76wSFqeek1KZdtGRqDU7+KWR0HjIPNjwtfsFu+DLNrSw9V+rlm\n6BDaZ6DjSGmVIEZoIoe+8ZmqV3PtzPgVtCED9L8bIIsDIHQMhkcgZY+VE5tuAo0A\nAACBAMQIZHhioLN3mNpVUAKV+mX51d/XXsnWV7mzE3yaBdld+kt/oj2YdKHHVE4K\no3rwQ7JNbdRTXz/8XOMLAzdxgx9znUhc2PyWnBHPUcLpI30DE9h24ajAd6kr9ZaP\nWXxXQLwSrz5JWjM/mHiHbGPxnEZ1I4d9Btzpf0bwHMJGI2a7AAAAgQDgV+McF/uo\n21r3ejxYgdPInlxKw0lSwHjvEnzi4+f9wVDlKHV4c6uxinOd4A00LVIZ3DLCOZfG\nVcYw2zRiTMQYGXebJmv7ruMJPQByKewOeLXS+CfZrXh44nWbO7YQnvoGvaTk8Q1L\nuOp1MWleTz1Xbjp7ht3n07xgb7JKdEqmkQAAAAAB\n-----END OPENSSH PRIVATE KEY-----\n",
            "private_key_pem": "-----BEGIN RSA PRIVATE KEY-----\nMIIEpgIBAAKCAQEAq8qkrG+VVNO5xTbiVKzCxO2pKLuJ/n+viGypio8HfKbdG8Og\nqKa2DLi+rUsv1a4/b1o+S93b7feBEulK2hTFExYyTMlyOtdL/1vZBhaidDUtMeFB\nEZVTi29kU+QzJH25YiDZcJb79pbUwkr1Gx47DbVBGw05mwo/yJCCKYpSEhno7/Mv\n4yp78A+tgEdhPNs3Mkl2LfrW/R/7tQQ2ibjqRjjzg2R8892zl0Y2V3wngZMBosZA\nJkRS+n3c5pP/FNmEhqrOXJEZEloMGIohmFJp/vQ8sQnZKop5ihlL4GhQxKfhDvD9\nrCTWIJ8hV89kiLhRxl9n7ebRvqfHVUxbHLhx6wIDAQABAoIBAQCUuhGq/8eG8u5n\n4MY9jHvqxd6nVwV3AdBUCc8WGBHhRw0x1kGnAP2nMeJSYT9+fSaKHtTEFcUr1hU2\n7CZTe5vKlHLjq5trea1f3IKdFMd8V/VSs7MDqAX2N2/ieTQVqYrve4UERpLIv3he\n5UoiOh/iFEPTSbXPliX2W7V0hT3cUIo639Thxfl0qQOfk6sUNJ532Sci2oJpxM8G\nY4GPwjZIg5spBOVHB9rrDxUb72PBHRxIT+Tuxc9SCZbu6w8Izgw6ICJ8Eb5r3DjH\n3Tq1fFjrsdSkEWsGSZDnkKkgRgLvGeUPS/iKc+Oa5B+EyJZIJnQSWcimFzRvQM7C\nV8OesM1BAoGBAMQIZHhioLN3mNpVUAKV+mX51d/XXsnWV7mzE3yaBdld+kt/oj2Y\ndKHHVE4Ko3rwQ7JNbdRTXz/8XOMLAzdxgx9znUhc2PyWnBHPUcLpI30DE9h24ajA\nd6kr9ZaPWXxXQLwSrz5JWjM/mHiHbGPxnEZ1I4d9Btzpf0bwHMJGI2a7AoGBAOBX\n4xwX+6jbWvd6PFiB08ieXErDSVLAeO8SfOLj5/3BUOUodXhzq7GKc53gDTQtUhnc\nMsI5l8ZVxjDbNGJMxBgZd5sma/uu4wk9AHIp7A54tdL4J9mteHjidZs7thCe+ga9\npOTxDUu46nUxaV5PPVduOnuG3efTvGBvskp0SqaRAoGBAK4DASR38Ey+6jlNJ6PT\n/B0PhBGZ/XNPSDn4Q2EE3BJSwL7KAnuI3GdLKIPKH8oegwlAgDDM/S0wWEfWW7mY\nkpuVplU4zgiRrOKGVP6eszjiRXiONsv0ZYQPGIbYosekMDuCnnq85Eu/tRmwpL+n\nFmDY1HwNuMzanHec5vpxBjXHAoGBAKDNfiVB74meCTr/68dI74OKNv8DsUfWXBiI\nuOlskHnrmc9Xy7OVvYhZg/uyf+RZY9LTabKb03U/P/r+9DJNcfUQNBIKXTYeqe+S\nQQKTl/bbgQCCDRZS59pGACRPjXWmbfJs9od/XJddKPjtfOgzhfVoNhUam24y74B0\nL2h8qJFxAoGBALDtCGO5vrt/t+GDUI3xgO+KsdvhOSwAziYeEyJiaBXk7lbvKqtW\nhkdwmapu+sEhannpNSmXbRkag1O/ilkdB4yDzY8LX7Bbvgyza0sPVfq5ZugQ2meg\n40hplSBGaCKHvvGZqldz7cz4FbQhA/S/GyCLAyB0DIZHIGWPlRObbgKN\n-----END RSA PRIVATE KEY-----\n",
            "private_key_pem_pkcs8": "-----BEGIN PRIVATE KEY-----\nMIIEwAIBADANBgkqhkiG9w0BAQEFAASCBKowggSmAgEAAoIBAQCryqSsb5VU07nF\nNuJUrMLE7akou4n+f6+IbKmKjwd8pt0bw6CoprYMuL6tSy/Vrj9vWj5L3dvt94ES\n6UraFMUTFjJMyXI610v/W9kGFqJ0NS0x4UERlVOLb2RT5DMkfbliINlwlvv2ltTC\nSvUbHjsNtUEbDTmbCj/IkIIpilISGejv8y/jKnvwD62AR2E82zcySXYt+tb9H/u1\nBDaJuOpGOPODZHzz3bOXRjZXfCeBkwGixkAmRFL6fdzmk/8U2YSGqs5ckRkSWgwY\niiGYUmn+9DyxCdkqinmKGUvgaFDEp+EO8P2sJNYgnyFXz2SIuFHGX2ft5tG+p8dV\nTFscuHHrAgMBAAECggEBAJS6Ear/x4by7mfgxj2Me+rF3qdXBXcB0FQJzxYYEeFH\nDTHWQacA/acx4lJhP359Jooe1MQVxSvWFTbsJlN7m8qUcuOrm2t5rV/cgp0Ux3xX\n9VKzswOoBfY3b+J5NBWpiu97hQRGksi/eF7lSiI6H+IUQ9NJtc+WJfZbtXSFPdxQ\nijrf1OHF+XSpA5+TqxQ0nnfZJyLagmnEzwZjgY/CNkiDmykE5UcH2usPFRvvY8Ed\nHEhP5O7Fz1IJlu7rDwjODDogInwRvmvcOMfdOrV8WOux1KQRawZJkOeQqSBGAu8Z\n5Q9L+Ipz45rkH4TIlkgmdBJZyKYXNG9AzsJXw56wzUECgYEAxAhkeGKgs3eY2lVQ\nApX6ZfnV39deydZXubMTfJoF2V36S3+iPZh0ocdUTgqjevBDsk1t1FNfP/xc4wsD\nN3GDH3OdSFzY/JacEc9RwukjfQMT2HbhqMB3qSv1lo9ZfFdAvBKvPklaMz+YeIds\nY/GcRnUjh30G3Ol/RvAcwkYjZrsCgYEA4FfjHBf7qNta93o8WIHTyJ5cSsNJUsB4\n7xJ84uPn/cFQ5Sh1eHOrsYpzneANNC1SGdwywjmXxlXGMNs0YkzEGBl3myZr+67j\nCT0AcinsDni10vgn2a14eOJ1mzu2EJ76Br2k5PENS7jqdTFpXk89V246e4bd59O8\nYG+ySnRKppECgYEArgMBJHfwTL7qOU0no9P8HQ+EEZn9c09IOfhDYQTcElLAvsoC\ne4jcZ0sog8ofyh6DCUCAMMz9LTBYR9ZbuZiSm5WmVTjOCJGs4oZU/p6zOOJFeI42\ny/RlhA8Yhtiix6QwO4KeerzkS7+1GbCkv6cWYNjUfA24zNqcd5zm+nEGNccCgYEA\noM1+JUHviZ4JOv/rx0jvg4o2/wOxR9ZcGIi46WyQeeuZz1fLs5W9iFmD+7J/5Flj\n0tNpspvTdT8/+v70Mk1x9RA0EgpdNh6p75JBApOX9tuBAIINFlLn2kYAJE+NdaZt\n8mz2h39cl10o+O186DOF9Wg2FRqbbjLvgHQvaHyokXECgYEAsO0IY7m+u3+34YNQ\njfGA74qx2+E5LADOJh4TImJoFeTuVu8qq1aGR3CZqm76wSFqeek1KZdtGRqDU7+K\nWR0HjIPNjwtfsFu+DLNrSw9V+rlm6BDaZ6DjSGmVIEZoIoe+8ZmqV3PtzPgVtCED\n9L8bIIsDIHQMhkcgZY+VE5tuAo0=\n-----END PRIVATE KEY-----\n",
            "public_key_fingerprint_md5": "f4:af:40:99:d0:eb:3b:ac:01:30:32:99:31:18:65:f6",
            "public_key_fingerprint_sha256": "SHA256:3n0eIk06AgA1GA1ynqY+kjMdvyrY6M3kY41O8cXcBp8",
            "public_key_openssh": "ssh-rsa AAAAB3NzaC1yc2EAAAADAQABAAABAQCryqSsb5VU07nFNuJUrMLE7akou4n+f6+IbKmKjwd8pt0bw6CoprYMuL6tSy/Vrj9vWj5L3dvt94ES6UraFMUTFjJMyXI610v/W9kGFqJ0NS0x4UERlVOLb2RT5DMkfbliINlwlvv2ltTCSvUbHjsNtUEbDTmbCj/IkIIpilISGejv8y/jKnvwD62AR2E82zcySXYt+tb9H/u1BDaJuOpGOPODZHzz3bOXRjZXfCeBkwGixkAmRFL6fdzmk/8U2YSGqs5ckRkSWgwYiiGYUmn+9DyxCdkqinmKGUvgaFDEp+EO8P2sJNYgnyFXz2SIuFHGX2ft5tG+p8dVTFscuHHr\n",
            "public_key_pem": "-----BEGIN PUBLIC KEY-----\nMIIBIjANBgkqhkiG9w0BAQEFAAOCAQ8AMIIBCgKCAQEAq8qkrG+VVNO5xTbiVKzC\nxO2pKLuJ/n+viGypio8HfKbdG8OgqKa2DLi+rUsv1a4/b1o+S93b7feBEulK2hTF\nExYyTMlyOtdL/1vZBhaidDUtMeFBEZVTi29kU+QzJH25YiDZcJb79pbUwkr1Gx47\nDbVBGw05mwo/yJCCKYpSEhno7/Mv4yp78A+tgEdhPNs3Mkl2LfrW/R/7tQQ2ibjq\nRjjzg2R8892zl0Y2V3wngZMBosZAJkRS+n3c5pP/FNmEhqrOXJEZEloMGIohmFJp\n/vQ8sQnZKop5ihlL4GhQxKfhDvD9rCTWIJ8hV89kiLhRxl9n7ebRvqfHVUxbHLhx\n6wIDAQAB\n-----END PUBLIC KEY-----\n",
            "rsa_bits": 2048
          },
          "sensitive_attributes": []
        }
      ]
    }
  ],
  "check_results": null
}
