{
  "version": 4,
  "terraform_version": "1.4.0",
  "serial": 15,
  "lineage": "f1536dde-9101-092b-d634-82b438438c6a",
  "outputs": {
    "subnet_ids": {
      "value": [
        "subnet-09a2c0be75fd7eb07",
        "subnet-04c98e86ca6510819",
        "subnet-0d926622d0c047d89"
      ],
      "type": [
        "tuple",
        [
          "string",
          "string",
          "string"
        ]
      ]
    }
  },
  "resources": [
    {
      "mode": "data",
      "type": "aws_ami",
      "name": "ubuntu",
      "provider": "provider[\"registry.terraform.io/hashicorp/aws\"]",
      "instances": [
        {
          "schema_version": 0,
          "attributes": {
            "architecture": "x86_64",
            "arn": "arn:aws:ec2:us-east-2::image/ami-0435d5f3fb95cbf8d",
            "block_device_mappings": [
              {
                "device_name": "/dev/sda1",
                "ebs": {
                  "delete_on_termination": "true",
                  "encrypted": "false",
                  "iops": "0",
                  "snapshot_id": "snap-0ddfa17783d6c7217",
                  "throughput": "0",
                  "volume_size": "15",
                  "volume_type": "gp2"
                },
                "no_device": "",
                "virtual_name": ""
              },
              {
                "device_name": "/dev/sdb",
                "ebs": {},
                "no_device": "",
                "virtual_name": "ephemeral0"
              },
              {
                "device_name": "/dev/sdc",
                "ebs": {},
                "no_device": "",
                "virtual_name": "ephemeral1"
              }
            ],
            "boot_mode": "",
            "creation_date": "2022-12-11T15:24:42.000Z",
            "deprecation_time": "",
            "description": "ThinknyxUbuntu22x",
            "ena_support": true,
            "executable_users": null,
            "filter": [
              {
                "name": "tag:Name",
                "values": [
                  "ubuntu"
                ]
              }
            ],
            "hypervisor": "xen",
            "id": "ami-0435d5f3fb95cbf8d",
            "image_id": "ami-0435d5f3fb95cbf8d",
            "image_location": "554660509057/ThinknyxUbuntu22x",
            "image_owner_alias": "",
            "image_type": "machine",
            "imds_support": "",
            "include_deprecated": false,
            "kernel_id": "",
            "most_recent": true,
            "name": "ThinknyxUbuntu22x",
            "name_regex": null,
            "owner_id": "554660509057",
            "owners": [
              "554660509057"
            ],
            "platform": "",
            "platform_details": "Linux/UNIX",
            "product_codes": [],
            "public": false,
            "ramdisk_id": "",
            "root_device_name": "/dev/sda1",
            "root_device_type": "ebs",
            "root_snapshot_id": "snap-0ddfa17783d6c7217",
            "sriov_net_support": "simple",
            "state": "available",
            "state_reason": {
              "code": "UNSET",
              "message": "UNSET"
            },
            "tags": {
              "Name": "ubuntu",
              "Version": "22"
            },
            "timeouts": null,
            "tpm_support": "",
            "usage_operation": "RunInstances",
            "virtualization_type": "hvm"
          },
          "sensitive_attributes": []
        }
      ]
    },
    {
      "mode": "data",
      "type": "aws_security_group",
      "name": "sg",
      "provider": "provider[\"registry.terraform.io/hashicorp/aws\"]",
      "instances": [
        {
          "schema_version": 0,
          "attributes": {
            "arn": "arn:aws:ec2:us-east-2:554660509057:security-group/sg-0a64e771313689772",
            "description": "default VPC security group",
            "filter": null,
            "id": "sg-0a64e771313689772",
            "name": "default",
            "tags": {},
            "timeouts": null,
            "vpc_id": "vpc-0ce7889ae8fafd3f6"
          },
          "sensitive_attributes": []
        }
      ]
    },
    {
      "mode": "data",
      "type": "template_file",
      "name": "user_data",
      "provider": "provider[\"registry.terraform.io/hashicorp/template\"]",
      "instances": [
        {
          "schema_version": 0,
          "attributes": {
            "filename": null,
            "id": "3a09db1cf04113898294881e367eddaf7074c016bdd10fa001bbb8488c06bb94",
            "rendered": "#!/bin/bash\r\napt-get update -y\r\napt-get install -y apache2\r\necho \"\u003ch1\u003eServer created using Terraform with `hostname` Hostname at `date`.\u003c/h1\u003e\" \u003e /var/www/html/index.html\r\necho \"\u003cbr\u003eThis machine is controlled by AutoScaling Group created by bijendra.\u003c/br\u003e\" \u003e\u003e /var/www/html/index.html\r\necho \"\u003cbr\u003eThis machine is controlled by AutoScaling Group has Firewall access managed using AWS Security Group with ID by sg-0a64e771313689772.\u003c/br\u003e\" \u003e\u003e /var/www/html/index.html",
            "template": "#!/bin/bash\r\napt-get update -y\r\napt-get install -y apache2\r\necho \"\u003ch1\u003eServer created using Terraform with `hostname` Hostname at `date`.\u003c/h1\u003e\" \u003e /var/www/html/index.html\r\necho \"\u003cbr\u003eThis machine is controlled by AutoScaling Group created by ${name}.\u003c/br\u003e\" \u003e\u003e /var/www/html/index.html\r\necho \"\u003cbr\u003eThis machine is controlled by AutoScaling Group has Firewall access managed using AWS Security Group with ID by ${security_group_id}.\u003c/br\u003e\" \u003e\u003e /var/www/html/index.html",
            "vars": {
              "name": "bijendra",
              "security_group_id": "sg-0a64e771313689772"
            }
          },
          "sensitive_attributes": []
        }
      ]
    },
    {
      "mode": "managed",
      "type": "aws_autoscaling_group",
      "name": "asg",
      "provider": "provider[\"registry.terraform.io/hashicorp/aws\"]",
      "instances": [
        {
          "schema_version": 0,
          "attributes": {
            "arn": "arn:aws:autoscaling:us-east-2:554660509057:autoScalingGroup:b6fba2cc-f569-4d5b-8d74-7e657b9e27f9:autoScalingGroupName/bijendra",
            "availability_zones": [
              "us-east-2a",
              "us-east-2b",
              "us-east-2c"
            ],
            "capacity_rebalance": false,
            "context": "",
            "default_cooldown": 300,
            "default_instance_warmup": 0,
            "desired_capacity": 1,
            "desired_capacity_type": "",
            "enabled_metrics": [],
            "force_delete": false,
            "force_delete_warm_pool": false,
            "health_check_grace_period": 180,
            "health_check_type": "ELB",
            "id": "bijendra",
            "initial_lifecycle_hook": [],
            "instance_refresh": [],
            "launch_configuration": "",
            "launch_template": [
              {
                "id": "lt-03f585a7a5da8210d",
                "name": "bijendra",
                "version": "$Default"
              }
            ],
            "load_balancers": [],
            "max_instance_lifetime": 0,
            "max_size": 3,
            "metrics_granularity": "1Minute",
            "min_elb_capacity": null,
            "min_size": 1,
            "mixed_instances_policy": [],
            "name": "bijendra",
            "name_prefix": "",
            "placement_group": "",
            "protect_from_scale_in": false,
            "service_linked_role_arn": "arn:aws:iam::554660509057:role/aws-service-role/autoscaling.amazonaws.com/AWSServiceRoleForAutoScaling",
            "suspended_processes": [],
            "tag": [],
            "tags": null,
            "target_group_arns": [
              "arn:aws:elasticloadbalancing:us-east-2:554660509057:targetgroup/bijendra/5dcb6c5605b45e10"
            ],
            "termination_policies": [],
            "timeouts": null,
            "vpc_zone_identifier": [
              "subnet-04c98e86ca6510819",
              "subnet-09a2c0be75fd7eb07",
              "subnet-0d926622d0c047d89"
            ],
            "wait_for_capacity_timeout": "10m",
            "wait_for_elb_capacity": null,
            "warm_pool": []
          },
          "sensitive_attributes": [],
          "private": "eyJlMmJmYjczMC1lY2FhLTExZTYtOGY4OC0zNDM2M2JjN2M0YzAiOnsiZGVsZXRlIjo2MDAwMDAwMDAwMDAsInVwZGF0ZSI6NjAwMDAwMDAwMDAwfX0=",
          "dependencies": [
            "aws_launch_template.httpd",
            "aws_lb_target_group.tg_80",
            "data.aws_ami.ubuntu",
            "data.aws_security_group.sg",
            "data.template_file.user_data",
            "module.create_subnet.aws_subnet.aws_subnet",
            "module.create_subnet.data.aws_availability_zones.azs",
            "module.create_subnet.data.aws_vpc.aws_vpc"
          ]
        }
      ]
    },
    {
      "mode": "managed",
      "type": "aws_autoscaling_notification",
      "name": "asg_sns",
      "provider": "provider[\"registry.terraform.io/hashicorp/aws\"]",
      "instances": [
        {
          "schema_version": 0,
          "attributes": {
            "group_names": [
              "bijendra"
            ],
            "id": "arn:aws:sns:us-east-2:554660509057:kul",
            "notifications": [
              "autoscaling:EC2_INSTANCE_LAUNCH",
              "autoscaling:EC2_INSTANCE_LAUNCH_ERROR",
              "autoscaling:EC2_INSTANCE_TERMINATE",
              "autoscaling:EC2_INSTANCE_TERMINATE_ERROR"
            ],
            "topic_arn": "arn:aws:sns:us-east-2:554660509057:kul"
          },
          "sensitive_attributes": [],
          "private": "bnVsbA==",
          "dependencies": [
            "aws_autoscaling_group.asg",
            "aws_launch_template.httpd",
            "aws_lb_target_group.tg_80",
            "data.aws_ami.ubuntu",
            "data.aws_security_group.sg",
            "data.template_file.user_data",
            "module.create_subnet.aws_subnet.aws_subnet",
            "module.create_subnet.data.aws_availability_zones.azs",
            "module.create_subnet.data.aws_vpc.aws_vpc"
          ]
        }
      ]
    },
    {
      "mode": "managed",
      "type": "aws_autoscaling_policy",
      "name": "cpuUtilization",
      "provider": "provider[\"registry.terraform.io/hashicorp/aws\"]",
      "instances": [
        {
          "schema_version": 0,
          "attributes": {
            "adjustment_type": "",
            "arn": "arn:aws:autoscaling:us-east-2:554660509057:scalingPolicy:8d057330-77fc-42f0-84b2-4e9b7e44ca0a:autoScalingGroupName/bijendra:policyName/bijendra-average-cpu-utilization",
            "autoscaling_group_name": "bijendra",
            "cooldown": 0,
            "enabled": true,
            "estimated_instance_warmup": 0,
            "id": "bijendra-average-cpu-utilization",
            "metric_aggregation_type": "",
            "min_adjustment_magnitude": 0,
            "name": "bijendra-average-cpu-utilization",
            "policy_type": "PredictiveScaling",
            "predictive_scaling_configuration": [
              {
                "max_capacity_breach_behavior": "HonorMaxCapacity",
                "max_capacity_buffer": "",
                "metric_specification": [
                  {
                    "customized_capacity_metric_specification": [],
                    "customized_load_metric_specification": [],
                    "customized_scaling_metric_specification": [
                      {
                        "metric_data_queries": [
                          {
                            "expression": "",
                            "id": "scaling",
                            "label": "",
                            "metric_stat": [
                              {
                                "metric": [
                                  {
                                    "dimensions": [
                                      {
                                        "name": "AutoScalingGroupName",
                                        "value": "bijendra"
                                      }
                                    ],
                                    "metric_name": "CPUUtilization",
                                    "namespace": "AWS/EC2"
                                  }
                                ],
                                "stat": "Average",
                                "unit": ""
                              }
                            ],
                            "return_data": true
                          }
                        ]
                      }
                    ],
                    "predefined_load_metric_specification": [
                      {
                        "predefined_metric_type": "ASGTotalCPUUtilization",
                        "resource_label": "bijendra"
                      }
                    ],
                    "predefined_metric_pair_specification": [],
                    "predefined_scaling_metric_specification": [],
                    "target_value": 10
                  }
                ],
                "mode": "ForecastOnly",
                "scheduling_buffer_time": ""
              }
            ],
            "scaling_adjustment": 0,
            "step_adjustment": [],
            "target_tracking_configuration": []
          },
          "sensitive_attributes": [],
          "private": "bnVsbA==",
          "dependencies": [
            "aws_autoscaling_group.asg",
            "aws_launch_template.httpd",
            "aws_lb_target_group.tg_80",
            "data.aws_ami.ubuntu",
            "data.aws_security_group.sg",
            "data.template_file.user_data",
            "module.create_subnet.aws_subnet.aws_subnet",
            "module.create_subnet.data.aws_availability_zones.azs",
            "module.create_subnet.data.aws_vpc.aws_vpc"
          ]
        }
      ]
    },
    {
      "mode": "managed",
      "type": "aws_launch_template",
      "name": "httpd",
      "provider": "provider[\"registry.terraform.io/hashicorp/aws\"]",
      "instances": [
        {
          "schema_version": 0,
          "attributes": {
            "arn": "arn:aws:ec2:us-east-2:554660509057:launch-template/lt-03f585a7a5da8210d",
            "block_device_mappings": [],
            "capacity_reservation_specification": [],
            "cpu_options": [],
            "credit_specification": [],
            "default_version": 1,
            "description": "Sample Template managed by Terraform",
            "disable_api_stop": false,
            "disable_api_termination": false,
            "ebs_optimized": "",
            "elastic_gpu_specifications": [],
            "elastic_inference_accelerator": [],
            "enclave_options": [],
            "hibernation_options": [],
            "iam_instance_profile": [],
            "id": "lt-03f585a7a5da8210d",
            "image_id": "ami-0435d5f3fb95cbf8d",
            "instance_initiated_shutdown_behavior": "",
            "instance_market_options": [],
            "instance_requirements": [],
            "instance_type": "t2.micro",
            "kernel_id": "",
            "key_name": "kul",
            "latest_version": 1,
            "license_specification": [],
            "maintenance_options": [],
            "metadata_options": [],
            "monitoring": [],
            "name": "bijendra",
            "name_prefix": "",
            "network_interfaces": [],
            "placement": [],
            "private_dns_name_options": [],
            "ram_disk_id": "",
            "security_group_names": [],
            "tag_specifications": [
              {
                "resource_type": "instance",
                "tags": {
                  "Name": "bijendra"
                }
              },
              {
                "resource_type": "volume",
                "tags": {
                  "Name": "bijendra"
                }
              }
            ],
            "tags": {
              "Name": "bijendra"
            },
            "tags_all": {
              "Name": "bijendra"
            },
            "update_default_version": null,
            "user_data": "IyEvYmluL2Jhc2gNCmFwdC1nZXQgdXBkYXRlIC15DQphcHQtZ2V0IGluc3RhbGwgLXkgYXBhY2hlMg0KZWNobyAiPGgxPlNlcnZlciBjcmVhdGVkIHVzaW5nIFRlcnJhZm9ybSB3aXRoIGBob3N0bmFtZWAgSG9zdG5hbWUgYXQgYGRhdGVgLjwvaDE+IiA+IC92YXIvd3d3L2h0bWwvaW5kZXguaHRtbA0KZWNobyAiPGJyPlRoaXMgbWFjaGluZSBpcyBjb250cm9sbGVkIGJ5IEF1dG9TY2FsaW5nIEdyb3VwIGNyZWF0ZWQgYnkgYmlqZW5kcmEuPC9icj4iID4+IC92YXIvd3d3L2h0bWwvaW5kZXguaHRtbA0KZWNobyAiPGJyPlRoaXMgbWFjaGluZSBpcyBjb250cm9sbGVkIGJ5IEF1dG9TY2FsaW5nIEdyb3VwIGhhcyBGaXJld2FsbCBhY2Nlc3MgbWFuYWdlZCB1c2luZyBBV1MgU2VjdXJpdHkgR3JvdXAgd2l0aCBJRCBieSBzZy0wYTY0ZTc3MTMxMzY4OTc3Mi48L2JyPiIgPj4gL3Zhci93d3cvaHRtbC9pbmRleC5odG1s",
            "vpc_security_group_ids": [
              "sg-0a64e771313689772"
            ]
          },
          "sensitive_attributes": [],
          "private": "bnVsbA==",
          "dependencies": [
            "data.aws_ami.ubuntu",
            "data.aws_security_group.sg",
            "data.template_file.user_data"
          ]
        }
      ]
    },
    {
      "mode": "managed",
      "type": "aws_lb",
      "name": "httpd",
      "provider": "provider[\"registry.terraform.io/hashicorp/aws\"]",
      "instances": [
        {
          "schema_version": 0,
          "attributes": {
            "access_logs": [
              {
                "bucket": "",
                "enabled": false,
                "prefix": ""
              }
            ],
            "arn": "arn:aws:elasticloadbalancing:us-east-2:554660509057:loadbalancer/net/bijendra/1ebd551e0ee65ee6",
            "arn_suffix": "net/bijendra/1ebd551e0ee65ee6",
            "customer_owned_ipv4_pool": "",
            "desync_mitigation_mode": null,
            "dns_name": "bijendra-1ebd551e0ee65ee6.elb.us-east-2.amazonaws.com",
            "drop_invalid_header_fields": null,
            "enable_cross_zone_load_balancing": false,
            "enable_deletion_protection": false,
            "enable_http2": null,
            "enable_tls_version_and_cipher_suite_headers": null,
            "enable_waf_fail_open": null,
            "enable_xff_client_port": null,
            "id": "arn:aws:elasticloadbalancing:us-east-2:554660509057:loadbalancer/net/bijendra/1ebd551e0ee65ee6",
            "idle_timeout": null,
            "internal": false,
            "ip_address_type": "ipv4",
            "load_balancer_type": "network",
            "name": "bijendra",
            "name_prefix": null,
            "preserve_host_header": null,
            "security_groups": [],
            "subnet_mapping": [
              {
                "allocation_id": "",
                "ipv6_address": "",
                "outpost_id": "",
                "private_ipv4_address": "",
                "subnet_id": "subnet-04c98e86ca6510819"
              },
              {
                "allocation_id": "",
                "ipv6_address": "",
                "outpost_id": "",
                "private_ipv4_address": "",
                "subnet_id": "subnet-09a2c0be75fd7eb07"
              },
              {
                "allocation_id": "",
                "ipv6_address": "",
                "outpost_id": "",
                "private_ipv4_address": "",
                "subnet_id": "subnet-0d926622d0c047d89"
              }
            ],
            "subnets": [
              "subnet-04c98e86ca6510819",
              "subnet-09a2c0be75fd7eb07",
              "subnet-0d926622d0c047d89"
            ],
            "tags": {
              "Name": "bijendra"
            },
            "tags_all": {
              "Name": "bijendra"
            },
            "timeouts": null,
            "vpc_id": "vpc-0ce7889ae8fafd3f6",
            "xff_header_processing_mode": null,
            "zone_id": "ZLMOA37VPKANP"
          },
          "sensitive_attributes": [],
          "private": "eyJlMmJmYjczMC1lY2FhLTExZTYtOGY4OC0zNDM2M2JjN2M0YzAiOnsiY3JlYXRlIjo2MDAwMDAwMDAwMDAsImRlbGV0ZSI6NjAwMDAwMDAwMDAwLCJ1cGRhdGUiOjYwMDAwMDAwMDAwMH19",
          "dependencies": [
            "module.create_subnet.aws_subnet.aws_subnet",
            "module.create_subnet.data.aws_availability_zones.azs"
          ]
        }
      ]
    },
    {
      "mode": "managed",
      "type": "aws_lb_listener",
      "name": "listener_80",
      "provider": "provider[\"registry.terraform.io/hashicorp/aws\"]",
      "instances": [
        {
          "schema_version": 0,
          "attributes": {
            "alpn_policy": null,
            "arn": "arn:aws:elasticloadbalancing:us-east-2:554660509057:listener/net/bijendra/1ebd551e0ee65ee6/e11ceb7daf795358",
            "certificate_arn": null,
            "default_action": [
              {
                "authenticate_cognito": [],
                "authenticate_oidc": [],
                "fixed_response": [],
                "forward": [],
                "order": 1,
                "redirect": [],
                "target_group_arn": "arn:aws:elasticloadbalancing:us-east-2:554660509057:targetgroup/bijendra/5dcb6c5605b45e10",
                "type": "forward"
              }
            ],
            "id": "arn:aws:elasticloadbalancing:us-east-2:554660509057:listener/net/bijendra/1ebd551e0ee65ee6/e11ceb7daf795358",
            "load_balancer_arn": "arn:aws:elasticloadbalancing:us-east-2:554660509057:loadbalancer/net/bijendra/1ebd551e0ee65ee6",
            "port": 80,
            "protocol": "TCP",
            "ssl_policy": "",
            "tags": {
              "Name": "bijendra"
            },
            "tags_all": {
              "Name": "bijendra"
            },
            "timeouts": null
          },
          "sensitive_attributes": [],
          "private": "eyJlMmJmYjczMC1lY2FhLTExZTYtOGY4OC0zNDM2M2JjN2M0YzAiOnsicmVhZCI6NjAwMDAwMDAwMDAwfX0=",
          "dependencies": [
            "aws_lb.httpd",
            "aws_lb_target_group.tg_80",
            "module.create_subnet.aws_subnet.aws_subnet",
            "module.create_subnet.data.aws_availability_zones.azs"
          ]
        }
      ]
    },
    {
      "mode": "managed",
      "type": "aws_lb_target_group",
      "name": "tg_80",
      "provider": "provider[\"registry.terraform.io/hashicorp/aws\"]",
      "instances": [
        {
          "schema_version": 0,
          "attributes": {
            "arn": "arn:aws:elasticloadbalancing:us-east-2:554660509057:targetgroup/bijendra/5dcb6c5605b45e10",
            "arn_suffix": "targetgroup/bijendra/5dcb6c5605b45e10",
            "connection_termination": false,
            "deregistration_delay": "300",
            "health_check": [
              {
                "enabled": true,
                "healthy_threshold": 5,
                "interval": 30,
                "matcher": "",
                "path": "",
                "port": "traffic-port",
                "protocol": "TCP",
                "timeout": 10,
                "unhealthy_threshold": 2
              }
            ],
            "id": "arn:aws:elasticloadbalancing:us-east-2:554660509057:targetgroup/bijendra/5dcb6c5605b45e10",
            "ip_address_type": "ipv4",
            "lambda_multi_value_headers_enabled": false,
            "load_balancing_algorithm_type": null,
            "load_balancing_cross_zone_enabled": "use_load_balancer_configuration",
            "name": "bijendra",
            "name_prefix": null,
            "port": 80,
            "preserve_client_ip": "true",
            "protocol": "TCP",
            "protocol_version": null,
            "proxy_protocol_v2": false,
            "slow_start": 0,
            "stickiness": [
              {
                "cookie_duration": 0,
                "cookie_name": "",
                "enabled": false,
                "type": "source_ip"
              }
            ],
            "tags": {
              "Name": "bijendra"
            },
            "tags_all": {
              "Name": "bijendra"
            },
            "target_failover": [
              {
                "on_deregistration": null,
                "on_unhealthy": null
              }
            ],
            "target_type": "instance",
            "vpc_id": "vpc-0ce7889ae8fafd3f6"
          },
          "sensitive_attributes": [],
          "private": "bnVsbA=="
        }
      ]
    },
    {
      "module": "module.create_subnet",
      "mode": "data",
      "type": "aws_availability_zones",
      "name": "azs",
      "provider": "provider[\"registry.terraform.io/hashicorp/aws\"]",
      "instances": [
        {
          "schema_version": 0,
          "attributes": {
            "all_availability_zones": null,
            "exclude_names": null,
            "exclude_zone_ids": null,
            "filter": null,
            "group_names": [
              "us-east-2"
            ],
            "id": "us-east-2",
            "names": [
              "us-east-2a",
              "us-east-2b",
              "us-east-2c"
            ],
            "state": "available",
            "timeouts": null,
            "zone_ids": [
              "use2-az1",
              "use2-az2",
              "use2-az3"
            ]
          },
          "sensitive_attributes": []
        }
      ]
    },
    {
      "module": "module.create_subnet",
      "mode": "data",
      "type": "aws_vpc",
      "name": "aws_vpc",
      "provider": "provider[\"registry.terraform.io/hashicorp/aws\"]",
      "instances": [
        {
          "schema_version": 0,
          "attributes": {
            "arn": "arn:aws:ec2:us-east-2:554660509057:vpc/vpc-0ce7889ae8fafd3f6",
            "cidr_block": "10.10.0.0/16",
            "cidr_block_associations": [
              {
                "association_id": "vpc-cidr-assoc-074ea86b1bd8cd12e",
                "cidr_block": "10.10.0.0/16",
                "state": "associated"
              }
            ],
            "default": false,
            "dhcp_options_id": "dopt-2f524347",
            "enable_dns_hostnames": true,
            "enable_dns_support": true,
            "enable_network_address_usage_metrics": false,
            "filter": null,
            "id": "vpc-0ce7889ae8fafd3f6",
            "instance_tenancy": "default",
            "ipv6_association_id": "",
            "ipv6_cidr_block": "",
            "main_route_table_id": "rtb-0493d207a1f1069c1",
            "owner_id": "554660509057",
            "state": null,
            "tags": {
              "Name": "kul"
            },
            "timeouts": null
          },
          "sensitive_attributes": []
        }
      ]
    },
    {
      "module": "module.create_subnet",
      "mode": "managed",
      "type": "aws_subnet",
      "name": "aws_subnet",
      "provider": "provider[\"registry.terraform.io/hashicorp/aws\"]",
      "instances": [
        {
          "index_key": 0,
          "schema_version": 1,
          "attributes": {
            "arn": "arn:aws:ec2:us-east-2:554660509057:subnet/subnet-09a2c0be75fd7eb07",
            "assign_ipv6_address_on_creation": false,
            "availability_zone": "us-east-2a",
            "availability_zone_id": "use2-az1",
            "cidr_block": "10.10.10.0/24",
            "customer_owned_ipv4_pool": "",
            "enable_dns64": false,
            "enable_resource_name_dns_a_record_on_launch": false,
            "enable_resource_name_dns_aaaa_record_on_launch": false,
            "id": "subnet-09a2c0be75fd7eb07",
            "ipv6_cidr_block": "",
            "ipv6_cidr_block_association_id": "",
            "ipv6_native": false,
            "map_customer_owned_ip_on_launch": false,
            "map_public_ip_on_launch": true,
            "outpost_arn": "",
            "owner_id": "554660509057",
            "private_dns_hostname_type_on_launch": "ip-name",
            "tags": {
              "Name": "bijendra_public_10",
              "Type": "public"
            },
            "tags_all": {
              "Name": "bijendra_public_10",
              "Type": "public"
            },
            "timeouts": null,
            "vpc_id": "vpc-0ce7889ae8fafd3f6"
          },
          "sensitive_attributes": [],
          "private": "eyJlMmJmYjczMC1lY2FhLTExZTYtOGY4OC0zNDM2M2JjN2M0YzAiOnsiY3JlYXRlIjo2MDAwMDAwMDAwMDAsImRlbGV0ZSI6MTIwMDAwMDAwMDAwMH0sInNjaGVtYV92ZXJzaW9uIjoiMSJ9",
          "dependencies": [
            "module.create_subnet.data.aws_availability_zones.azs",
            "module.create_subnet.data.aws_vpc.aws_vpc"
          ]
        },
        {
          "index_key": 1,
          "schema_version": 1,
          "attributes": {
            "arn": "arn:aws:ec2:us-east-2:554660509057:subnet/subnet-04c98e86ca6510819",
            "assign_ipv6_address_on_creation": false,
            "availability_zone": "us-east-2b",
            "availability_zone_id": "use2-az2",
            "cidr_block": "10.10.11.0/24",
            "customer_owned_ipv4_pool": "",
            "enable_dns64": false,
            "enable_resource_name_dns_a_record_on_launch": false,
            "enable_resource_name_dns_aaaa_record_on_launch": false,
            "id": "subnet-04c98e86ca6510819",
            "ipv6_cidr_block": "",
            "ipv6_cidr_block_association_id": "",
            "ipv6_native": false,
            "map_customer_owned_ip_on_launch": false,
            "map_public_ip_on_launch": true,
            "outpost_arn": "",
            "owner_id": "554660509057",
            "private_dns_hostname_type_on_launch": "ip-name",
            "tags": {
              "Name": "bijendra_public_11",
              "Type": "public"
            },
            "tags_all": {
              "Name": "bijendra_public_11",
              "Type": "public"
            },
            "timeouts": null,
            "vpc_id": "vpc-0ce7889ae8fafd3f6"
          },
          "sensitive_attributes": [],
          "private": "eyJlMmJmYjczMC1lY2FhLTExZTYtOGY4OC0zNDM2M2JjN2M0YzAiOnsiY3JlYXRlIjo2MDAwMDAwMDAwMDAsImRlbGV0ZSI6MTIwMDAwMDAwMDAwMH0sInNjaGVtYV92ZXJzaW9uIjoiMSJ9",
          "dependencies": [
            "module.create_subnet.data.aws_availability_zones.azs",
            "module.create_subnet.data.aws_vpc.aws_vpc"
          ]
        },
        {
          "index_key": 2,
          "schema_version": 1,
          "attributes": {
            "arn": "arn:aws:ec2:us-east-2:554660509057:subnet/subnet-0d926622d0c047d89",
            "assign_ipv6_address_on_creation": false,
            "availability_zone": "us-east-2c",
            "availability_zone_id": "use2-az3",
            "cidr_block": "10.10.12.0/24",
            "customer_owned_ipv4_pool": "",
            "enable_dns64": false,
            "enable_resource_name_dns_a_record_on_launch": false,
            "enable_resource_name_dns_aaaa_record_on_launch": false,
            "id": "subnet-0d926622d0c047d89",
            "ipv6_cidr_block": "",
            "ipv6_cidr_block_association_id": "",
            "ipv6_native": false,
            "map_customer_owned_ip_on_launch": false,
            "map_public_ip_on_launch": true,
            "outpost_arn": "",
            "owner_id": "554660509057",
            "private_dns_hostname_type_on_launch": "ip-name",
            "tags": {
              "Name": "bijendra_public_12",
              "Type": "public"
            },
            "tags_all": {
              "Name": "bijendra_public_12",
              "Type": "public"
            },
            "timeouts": null,
            "vpc_id": "vpc-0ce7889ae8fafd3f6"
          },
          "sensitive_attributes": [],
          "private": "eyJlMmJmYjczMC1lY2FhLTExZTYtOGY4OC0zNDM2M2JjN2M0YzAiOnsiY3JlYXRlIjo2MDAwMDAwMDAwMDAsImRlbGV0ZSI6MTIwMDAwMDAwMDAwMH0sInNjaGVtYV92ZXJzaW9uIjoiMSJ9",
          "dependencies": [
            "module.create_subnet.data.aws_availability_zones.azs",
            "module.create_subnet.data.aws_vpc.aws_vpc"
          ]
        }
      ]
    }
  ],
  "check_results": null
}
